// !$*UTF8*$!
{
	archiveVersion = 1;
	classes = {
	};
	objectVersion = 46;
	objects = {

/* Begin PBXBuildFile section */
		289EA92D1F59469A00254EA6 /* main.m in Sources */ = {isa = PBXBuildFile; fileRef = 289EA92C1F59469A00254EA6 /* main.m */; };
		289EA9301F59469A00254EA6 /* AppDelegate.m in Sources */ = {isa = PBXBuildFile; fileRef = 289EA92F1F59469A00254EA6 /* AppDelegate.m */; };
		289EA9331F59469A00254EA6 /* ViewController.m in Sources */ = {isa = PBXBuildFile; fileRef = 289EA9321F59469A00254EA6 /* ViewController.m */; };
		289EA9361F59469A00254EA6 /* Main.storyboard in Resources */ = {isa = PBXBuildFile; fileRef = 289EA9341F59469A00254EA6 /* Main.storyboard */; };
		289EA9381F59469A00254EA6 /* Assets.xcassets in Resources */ = {isa = PBXBuildFile; fileRef = 289EA9371F59469A00254EA6 /* Assets.xcassets */; };
		289EA93B1F59469A00254EA6 /* LaunchScreen.storyboard in Resources */ = {isa = PBXBuildFile; fileRef = 289EA9391F59469A00254EA6 /* LaunchScreen.storyboard */; };
		289EA9461F59469A00254EA6 /* UIControlAlertSheetTests.m in Sources */ = {isa = PBXBuildFile; fileRef = 289EA9451F59469A00254EA6 /* UIControlAlertSheetTests.m */; };
		289EA9511F59469B00254EA6 /* UIControlAlertSheetUITests.m in Sources */ = {isa = PBXBuildFile; fileRef = 289EA9501F59469B00254EA6 /* UIControlAlertSheetUITests.m */; };
		289EA9611F5947D600254EA6 /* PSTAlertController.m in Sources */ = {isa = PBXBuildFile; fileRef = 289EA9601F5947D600254EA6 /* PSTAlertController.m */; };
		289EA9641F594D5800254EA6 /* SDAlertControllerUtil.m in Sources */ = {isa = PBXBuildFile; fileRef = 289EA9631F594D5800254EA6 /* SDAlertControllerUtil.m */; };
/* End PBXBuildFile section */

/* Begin PBXContainerItemProxy section */
		289EA9421F59469A00254EA6 /* PBXContainerItemProxy */ = {
			isa = PBXContainerItemProxy;
			containerPortal = 289EA9201F59469A00254EA6 /* Project object */;
			proxyType = 1;
			remoteGlobalIDString = 289EA9271F59469A00254EA6;
			remoteInfo = UIControlAlertSheet;
		};
		289EA94D1F59469B00254EA6 /* PBXContainerItemProxy */ = {
			isa = PBXContainerItemProxy;
			containerPortal = 289EA9201F59469A00254EA6 /* Project object */;
			proxyType = 1;
			remoteGlobalIDString = 289EA9271F59469A00254EA6;
			remoteInfo = UIControlAlertSheet;
		};
/* End PBXContainerItemProxy section */

/* Begin PBXFileReference section */
		289EA9281F59469A00254EA6 /* UIControlAlertSheet.app */ = {isa = PBXFileReference; explicitFileType = wrapper.application; includeInIndex = 0; path = UIControlAlertSheet.app; sourceTree = BUILT_PRODUCTS_DIR; };
		289EA92C1F59469A00254EA6 /* main.m */ = {isa = PBXFileReference; lastKnownFileType = sourcecode.c.objc; path = main.m; sourceTree = "<group>"; };
		289EA92E1F59469A00254EA6 /* AppDelegate.h */ = {isa = PBXFileReference; lastKnownFileType = sourcecode.c.h; path = AppDelegate.h; sourceTree = "<group>"; };
		289EA92F1F59469A00254EA6 /* AppDelegate.m */ = {isa = PBXFileReference; lastKnownFileType = sourcecode.c.objc; path = AppDelegate.m; sourceTree = "<group>"; };
		289EA9311F59469A00254EA6 /* ViewController.h */ = {isa = PBXFileReference; lastKnownFileType = sourcecode.c.h; path = ViewController.h; sourceTree = "<group>"; };
		289EA9321F59469A00254EA6 /* ViewController.m */ = {isa = PBXFileReference; lastKnownFileType = sourcecode.c.objc; path = ViewController.m; sourceTree = "<group>"; };
		289EA9351F59469A00254EA6 /* Base */ = {isa = PBXFileReference; lastKnownFileType = file.storyboard; name = Base; path = Base.lproj/Main.storyboard; sourceTree = "<group>"; };
		289EA9371F59469A00254EA6 /* Assets.xcassets */ = {isa = PBXFileReference; lastKnownFileType = folder.assetcatalog; path = Assets.xcassets; sourceTree = "<group>"; };
		289EA93A1F59469A00254EA6 /* Base */ = {isa = PBXFileReference; lastKnownFileType = file.storyboard; name = Base; path = Base.lproj/LaunchScreen.storyboard; sourceTree = "<group>"; };
		289EA93C1F59469A00254EA6 /* Info.plist */ = {isa = PBXFileReference; lastKnownFileType = text.plist.xml; path = Info.plist; sourceTree = "<group>"; };
		289EA9411F59469A00254EA6 /* UIControlAlertSheetTests.xctest */ = {isa = PBXFileReference; explicitFileType = wrapper.cfbundle; includeInIndex = 0; path = UIControlAlertSheetTests.xctest; sourceTree = BUILT_PRODUCTS_DIR; };
		289EA9451F59469A00254EA6 /* UIControlAlertSheetTests.m */ = {isa = PBXFileReference; lastKnownFileType = sourcecode.c.objc; path = UIControlAlertSheetTests.m; sourceTree = "<group>"; };
		289EA9471F59469B00254EA6 /* Info.plist */ = {isa = PBXFileReference; lastKnownFileType = text.plist.xml; path = Info.plist; sourceTree = "<group>"; };
		289EA94C1F59469B00254EA6 /* UIControlAlertSheetUITests.xctest */ = {isa = PBXFileReference; explicitFileType = wrapper.cfbundle; includeInIndex = 0; path = UIControlAlertSheetUITests.xctest; sourceTree = BUILT_PRODUCTS_DIR; };
		289EA9501F59469B00254EA6 /* UIControlAlertSheetUITests.m */ = {isa = PBXFileReference; lastKnownFileType = sourcecode.c.objc; path = UIControlAlertSheetUITests.m; sourceTree = "<group>"; };
		289EA9521F59469B00254EA6 /* Info.plist */ = {isa = PBXFileReference; lastKnownFileType = text.plist.xml; path = Info.plist; sourceTree = "<group>"; };
		289EA95F1F5947D600254EA6 /* PSTAlertController.h */ = {isa = PBXFileReference; fileEncoding = 4; lastKnownFileType = sourcecode.c.h; path = PSTAlertController.h; sourceTree = "<group>"; };
		289EA9601F5947D600254EA6 /* PSTAlertController.m */ = {isa = PBXFileReference; fileEncoding = 4; lastKnownFileType = sourcecode.c.objc; path = PSTAlertController.m; sourceTree = "<group>"; };
		289EA9621F594D5800254EA6 /* SDAlertControllerUtil.h */ = {isa = PBXFileReference; fileEncoding = 4; lastKnownFileType = sourcecode.c.h; path = SDAlertControllerUtil.h; sourceTree = "<group>"; };
		289EA9631F594D5800254EA6 /* SDAlertControllerUtil.m */ = {isa = PBXFileReference; fileEncoding = 4; lastKnownFileType = sourcecode.c.objc; path = SDAlertControllerUtil.m; sourceTree = "<group>"; };
/* End PBXFileReference section */

/* Begin PBXFrameworksBuildPhase section */
		289EA9251F59469A00254EA6 /* Frameworks */ = {
			isa = PBXFrameworksBuildPhase;
			buildActionMask = 2147483647;
			files = (
			);
			runOnlyForDeploymentPostprocessing = 0;
		};
		289EA93E1F59469A00254EA6 /* Frameworks */ = {
			isa = PBXFrameworksBuildPhase;
			buildActionMask = 2147483647;
			files = (
			);
			runOnlyForDeploymentPostprocessing = 0;
		};
		289EA9491F59469B00254EA6 /* Frameworks */ = {
			isa = PBXFrameworksBuildPhase;
			buildActionMask = 2147483647;
			files = (
			);
			runOnlyForDeploymentPostprocessing = 0;
		};
/* End PBXFrameworksBuildPhase section */

/* Begin PBXGroup section */
		289EA91F1F59469A00254EA6 = {
			isa = PBXGroup;
			children = (
				289EA92A1F59469A00254EA6 /* UIControlAlertSheet */,
				289EA9441F59469A00254EA6 /* UIControlAlertSheetTests */,
				289EA94F1F59469B00254EA6 /* UIControlAlertSheetUITests */,
				289EA9291F59469A00254EA6 /* Products */,
			);
			sourceTree = "<group>";
		};
		289EA9291F59469A00254EA6 /* Products */ = {
			isa = PBXGroup;
			children = (
				289EA9281F59469A00254EA6 /* UIControlAlertSheet.app */,
				289EA9411F59469A00254EA6 /* UIControlAlertSheetTests.xctest */,
				289EA94C1F59469B00254EA6 /* UIControlAlertSheetUITests.xctest */,
			);
			name = Products;
			sourceTree = "<group>";
		};
		289EA92A1F59469A00254EA6 /* UIControlAlertSheet */ = {
			isa = PBXGroup;
			children = (
				289EA95E1F5947D600254EA6 /* PSTAlertController */,
				289EA92E1F59469A00254EA6 /* AppDelegate.h */,
				289EA92F1F59469A00254EA6 /* AppDelegate.m */,
				289EA9311F59469A00254EA6 /* ViewController.h */,
				289EA9321F59469A00254EA6 /* ViewController.m */,
				289EA9341F59469A00254EA6 /* Main.storyboard */,
				289EA9371F59469A00254EA6 /* Assets.xcassets */,
				289EA9391F59469A00254EA6 /* LaunchScreen.storyboard */,
				289EA93C1F59469A00254EA6 /* Info.plist */,
				289EA92B1F59469A00254EA6 /* Supporting Files */,
			);
			path = UIControlAlertSheet;
			sourceTree = "<group>";
		};
		289EA92B1F59469A00254EA6 /* Supporting Files */ = {
			isa = PBXGroup;
			children = (
				289EA92C1F59469A00254EA6 /* main.m */,
			);
			name = "Supporting Files";
			sourceTree = "<group>";
		};
		289EA9441F59469A00254EA6 /* UIControlAlertSheetTests */ = {
			isa = PBXGroup;
			children = (
				289EA9451F59469A00254EA6 /* UIControlAlertSheetTests.m */,
				289EA9471F59469B00254EA6 /* Info.plist */,
			);
			path = UIControlAlertSheetTests;
			sourceTree = "<group>";
		};
		289EA94F1F59469B00254EA6 /* UIControlAlertSheetUITests */ = {
			isa = PBXGroup;
			children = (
				289EA9501F59469B00254EA6 /* UIControlAlertSheetUITests.m */,
				289EA9521F59469B00254EA6 /* Info.plist */,
			);
			path = UIControlAlertSheetUITests;
			sourceTree = "<group>";
		};
		289EA95E1F5947D600254EA6 /* PSTAlertController */ = {
			isa = PBXGroup;
			children = (
				289EA95F1F5947D600254EA6 /* PSTAlertController.h */,
				289EA9601F5947D600254EA6 /* PSTAlertController.m */,
				289EA9621F594D5800254EA6 /* SDAlertControllerUtil.h */,
				289EA9631F594D5800254EA6 /* SDAlertControllerUtil.m */,
			);
			path = PSTAlertController;
			sourceTree = "<group>";
		};
/* End PBXGroup section */

/* Begin PBXNativeTarget section */
		289EA9271F59469A00254EA6 /* UIControlAlertSheet */ = {
			isa = PBXNativeTarget;
			buildConfigurationList = 289EA9551F59469B00254EA6 /* Build configuration list for PBXNativeTarget "UIControlAlertSheet" */;
			buildPhases = (
				289EA9241F59469A00254EA6 /* Sources */,
				289EA9251F59469A00254EA6 /* Frameworks */,
				289EA9261F59469A00254EA6 /* Resources */,
			);
			buildRules = (
			);
			dependencies = (
			);
			name = UIControlAlertSheet;
			productName = UIControlAlertSheet;
			productReference = 289EA9281F59469A00254EA6 /* UIControlAlertSheet.app */;
			productType = "com.apple.product-type.application";
		};
		289EA9401F59469A00254EA6 /* UIControlAlertSheetTests */ = {
			isa = PBXNativeTarget;
			buildConfigurationList = 289EA9581F59469B00254EA6 /* Build configuration list for PBXNativeTarget "UIControlAlertSheetTests" */;
			buildPhases = (
				289EA93D1F59469A00254EA6 /* Sources */,
				289EA93E1F59469A00254EA6 /* Frameworks */,
				289EA93F1F59469A00254EA6 /* Resources */,
			);
			buildRules = (
			);
			dependencies = (
				289EA9431F59469A00254EA6 /* PBXTargetDependency */,
			);
			name = UIControlAlertSheetTests;
			productName = UIControlAlertSheetTests;
			productReference = 289EA9411F59469A00254EA6 /* UIControlAlertSheetTests.xctest */;
			productType = "com.apple.product-type.bundle.unit-test";
		};
		289EA94B1F59469B00254EA6 /* UIControlAlertSheetUITests */ = {
			isa = PBXNativeTarget;
			buildConfigurationList = 289EA95B1F59469B00254EA6 /* Build configuration list for PBXNativeTarget "UIControlAlertSheetUITests" */;
			buildPhases = (
				289EA9481F59469B00254EA6 /* Sources */,
				289EA9491F59469B00254EA6 /* Frameworks */,
				289EA94A1F59469B00254EA6 /* Resources */,
			);
			buildRules = (
			);
			dependencies = (
				289EA94E1F59469B00254EA6 /* PBXTargetDependency */,
			);
			name = UIControlAlertSheetUITests;
			productName = UIControlAlertSheetUITests;
			productReference = 289EA94C1F59469B00254EA6 /* UIControlAlertSheetUITests.xctest */;
			productType = "com.apple.product-type.bundle.ui-testing";
		};
/* End PBXNativeTarget section */

/* Begin PBXProject section */
		289EA9201F59469A00254EA6 /* Project object */ = {
			isa = PBXProject;
			attributes = {
				LastUpgradeCheck = 0830;
				ORGANIZATIONNAME = tianNanYiHao;
				TargetAttributes = {
					289EA9271F59469A00254EA6 = {
						CreatedOnToolsVersion = 8.3.3;
						DevelopmentTeam = CYP2Q7U7L3;
						ProvisioningStyle = Manual;
					};
					289EA9401F59469A00254EA6 = {
						CreatedOnToolsVersion = 8.3.3;
						DevelopmentTeam = CYP2Q7U7L3;
						ProvisioningStyle = Automatic;
						TestTargetID = 289EA9271F59469A00254EA6;
					};
					289EA94B1F59469B00254EA6 = {
						CreatedOnToolsVersion = 8.3.3;
						DevelopmentTeam = CYP2Q7U7L3;
						ProvisioningStyle = Automatic;
						TestTargetID = 289EA9271F59469A00254EA6;
					};
				};
			};
			buildConfigurationList = 289EA9231F59469A00254EA6 /* Build configuration list for PBXProject "UIControlAlertSheet" */;
			compatibilityVersion = "Xcode 3.2";
			developmentRegion = English;
			hasScannedForEncodings = 0;
			knownRegions = (
				en,
				Base,
			);
			mainGroup = 289EA91F1F59469A00254EA6;
			productRefGroup = 289EA9291F59469A00254EA6 /* Products */;
			projectDirPath = "";
			projectRoot = "";
			targets = (
				289EA9271F59469A00254EA6 /* UIControlAlertSheet */,
				289EA9401F59469A00254EA6 /* UIControlAlertSheetTests */,
				289EA94B1F59469B00254EA6 /* UIControlAlertSheetUITests */,
			);
		};
/* End PBXProject section */

/* Begin PBXResourcesBuildPhase section */
		289EA9261F59469A00254EA6 /* Resources */ = {
			isa = PBXResourcesBuildPhase;
			buildActionMask = 2147483647;
			files = (
				289EA93B1F59469A00254EA6 /* LaunchScreen.storyboard in Resources */,
				289EA9381F59469A00254EA6 /* Assets.xcassets in Resources */,
				289EA9361F59469A00254EA6 /* Main.storyboard in Resources */,
			);
			runOnlyForDeploymentPostprocessing = 0;
		};
		289EA93F1F59469A00254EA6 /* Resources */ = {
			isa = PBXResourcesBuildPhase;
			buildActionMask = 2147483647;
			files = (
			);
			runOnlyForDeploymentPostprocessing = 0;
		};
		289EA94A1F59469B00254EA6 /* Resources */ = {
			isa = PBXResourcesBuildPhase;
			buildActionMask = 2147483647;
			files = (
			);
			runOnlyForDeploymentPostprocessing = 0;
		};
/* End PBXResourcesBuildPhase section */

/* Begin PBXSourcesBuildPhase section */
		289EA9241F59469A00254EA6 /* Sources */ = {
			isa = PBXSourcesBuildPhase;
			buildActionMask = 2147483647;
			files = (
				289EA9331F59469A00254EA6 /* ViewController.m in Sources */,
				289EA9301F59469A00254EA6 /* AppDelegate.m in Sources */,
				289EA9611F5947D600254EA6 /* PSTAlertController.m in Sources */,
				289EA92D1F59469A00254EA6 /* main.m in Sources */,
				289EA9641F594D5800254EA6 /* SDAlertControllerUtil.m in Sources */,
			);
			runOnlyForDeploymentPostprocessing = 0;
		};
		289EA93D1F59469A00254EA6 /* Sources */ = {
			isa = PBXSourcesBuildPhase;
			buildActionMask = 2147483647;
			files = (
				289EA9461F59469A00254EA6 /* UIControlAlertSheetTests.m in Sources */,
			);
			runOnlyForDeploymentPostprocessing = 0;
		};
		289EA9481F59469B00254EA6 /* Sources */ = {
			isa = PBXSourcesBuildPhase;
			buildActionMask = 2147483647;
			files = (
				289EA9511F59469B00254EA6 /* UIControlAlertSheetUITests.m in Sources */,
			);
			runOnlyForDeploymentPostprocessing = 0;
		};
/* End PBXSourcesBuildPhase section */

/* Begin PBXTargetDependency section */
		289EA9431F59469A00254EA6 /* PBXTargetDependency */ = {
			isa = PBXTargetDependency;
			target = 289EA9271F59469A00254EA6 /* UIControlAlertSheet */;
			targetProxy = 289EA9421F59469A00254EA6 /* PBXContainerItemProxy */;
		};
		289EA94E1F59469B00254EA6 /* PBXTargetDependency */ = {
			isa = PBXTargetDependency;
			target = 289EA9271F59469A00254EA6 /* UIControlAlertSheet */;
			targetProxy = 289EA94D1F59469B00254EA6 /* PBXContainerItemProxy */;
		};
/* End PBXTargetDependency section */

/* Begin PBXVariantGroup section */
		289EA9341F59469A00254EA6 /* Main.storyboard */ = {
			isa = PBXVariantGroup;
			children = (
				289EA9351F59469A00254EA6 /* Base */,
			);
			name = Main.storyboard;
			sourceTree = "<group>";
		};
		289EA9391F59469A00254EA6 /* LaunchScreen.storyboard */ = {
			isa = PBXVariantGroup;
			children = (
				289EA93A1F59469A00254EA6 /* Base */,
			);
			name = LaunchScreen.storyboard;
			sourceTree = "<group>";
		};
/* End PBXVariantGroup section */

/* Begin XCBuildConfiguration section */
		289EA9531F59469B00254EA6 /* Debug */ = {
			isa = XCBuildConfiguration;
			buildSettings = {
				ALWAYS_SEARCH_USER_PATHS = NO;
				CLANG_ANALYZER_NONNULL = YES;
				CLANG_ANALYZER_NUMBER_OBJECT_CONVERSION = YES_AGGRESSIVE;
				CLANG_CXX_LANGUAGE_STANDARD = "gnu++0x";
				CLANG_CXX_LIBRARY = "libc++";
				CLANG_ENABLE_MODULES = YES;
				CLANG_ENABLE_OBJC_ARC = YES;
				CLANG_WARN_BOOL_CONVERSION = YES;
				CLANG_WARN_CONSTANT_CONVERSION = YES;
				CLANG_WARN_DIRECT_OBJC_ISA_USAGE = YES_ERROR;
				CLANG_WARN_DOCUMENTATION_COMMENTS = YES;
				CLANG_WARN_EMPTY_BODY = YES;
				CLANG_WARN_ENUM_CONVERSION = YES;
				CLANG_WARN_INFINITE_RECURSION = YES;
				CLANG_WARN_INT_CONVERSION = YES;
				CLANG_WARN_OBJC_ROOT_CLASS = YES_ERROR;
				CLANG_WARN_SUSPICIOUS_MOVE = YES;
				CLANG_WARN_UNREACHABLE_CODE = YES;
				CLANG_WARN__DUPLICATE_METHOD_MATCH = YES;
				"CODE_SIGN_IDENTITY[sdk=iphoneos*]" = "iPhone Developer";
				COPY_PHASE_STRIP = NO;
				DEBUG_INFORMATION_FORMAT = dwarf;
				ENABLE_STRICT_OBJC_MSGSEND = YES;
				ENABLE_TESTABILITY = YES;
				GCC_C_LANGUAGE_STANDARD = gnu99;
				GCC_DYNAMIC_NO_PIC = NO;
				GCC_NO_COMMON_BLOCKS = YES;
				GCC_OPTIMIZATION_LEVEL = 0;
				GCC_PREPROCESSOR_DEFINITIONS = (
					"DEBUG=1",
					"$(inherited)",
				);
				GCC_WARN_64_TO_32_BIT_CONVERSION = YES;
				GCC_WARN_ABOUT_RETURN_TYPE = YES_ERROR;
				GCC_WARN_UNDECLARED_SELECTOR = YES;
				GCC_WARN_UNINITIALIZED_AUTOS = YES_AGGRESSIVE;
				GCC_WARN_UNUSED_FUNCTION = YES;
				GCC_WARN_UNUSED_VARIABLE = YES;
				IPHONEOS_DEPLOYMENT_TARGET = 10.3;
				MTL_ENABLE_DEBUG_INFO = YES;
				ONLY_ACTIVE_ARCH = YES;
				SDKROOT = iphoneos;
			};
			name = Debug;
		};
		289EA9541F59469B00254EA6 /* Release */ = {
			isa = XCBuildConfiguration;
			buildSettings = {
				ALWAYS_SEARCH_USER_PATHS = NO;
				CLANG_ANALYZER_NONNULL = YES;
				CLANG_ANALYZER_NUMBER_OBJECT_CONVERSION = YES_AGGRESSIVE;
				CLANG_CXX_LANGUAGE_STANDARD = "gnu++0x";
				CLANG_CXX_LIBRARY = "libc++";
				CLANG_ENABLE_MODULES = YES;
				CLANG_ENABLE_OBJC_ARC = YES;
				CLANG_WARN_BOOL_CONVERSION = YES;
				CLANG_WARN_CONSTANT_CONVERSION = YES;
				CLANG_WARN_DIRECT_OBJC_ISA_USAGE = YES_ERROR;
				CLANG_WARN_DOCUMENTATION_COMMENTS = YES;
				CLANG_WARN_EMPTY_BODY = YES;
				CLANG_WARN_ENUM_CONVERSION = YES;
				CLANG_WARN_INFINITE_RECURSION = YES;
				CLANG_WARN_INT_CONVERSION = YES;
				CLANG_WARN_OBJC_ROOT_CLASS = YES_ERROR;
				CLANG_WARN_SUSPICIOUS_MOVE = YES;
				CLANG_WARN_UNREACHABLE_CODE = YES;
				CLANG_WARN__DUPLICATE_METHOD_MATCH = YES;
				"CODE_SIGN_IDENTITY[sdk=iphoneos*]" = "iPhone Developer";
				COPY_PHASE_STRIP = NO;
				DEBUG_INFORMATION_FORMAT = "dwarf-with-dsym";
				ENABLE_NS_ASSERTIONS = NO;
				ENABLE_STRICT_OBJC_MSGSEND = YES;
				GCC_C_LANGUAGE_STANDARD = gnu99;
				GCC_NO_COMMON_BLOCKS = YES;
				GCC_WARN_64_TO_32_BIT_CONVERSION = YES;
				GCC_WARN_ABOUT_RETURN_TYPE = YES_ERROR;
				GCC_WARN_UNDECLARED_SELECTOR = YES;
				GCC_WARN_UNINITIALIZED_AUTOS = YES_AGGRESSIVE;
				GCC_WARN_UNUSED_FUNCTION = YES;
				GCC_WARN_UNUSED_VARIABLE = YES;
				IPHONEOS_DEPLOYMENT_TARGET = 10.3;
				MTL_ENABLE_DEBUG_INFO = NO;
				SDKROOT = iphoneos;
				VALIDATE_PRODUCT = YES;
			};
			name = Release;
		};
		289EA9561F59469B00254EA6 /* Debug */ = {
			isa = XCBuildConfiguration;
			buildSettings = {
				ASSETCATALOG_COMPILER_APPICON_NAME = AppIcon;
				DEVELOPMENT_TEAM = CYP2Q7U7L3;
				INFOPLIST_FILE = UIControlAlertSheet/Info.plist;
				IPHONEOS_DEPLOYMENT_TARGET = 8.0;
				LD_RUNPATH_SEARCH_PATHS = "$(inherited) @executable_path/Frameworks";
				PRODUCT_BUNDLE_IDENTIFIER = com.sand.UIControlAlertSheet;
				PRODUCT_NAME = "$(TARGET_NAME)";
				PROVISIONING_PROFILE = "2c4fd8b8-f65e-4ef2-a2d1-216fddbcf5a0";
				PROVISIONING_PROFILE_SPECIFIER = sandComm_Dev_Profile;
			};
			name = Debug;
		};
		289EA9571F59469B00254EA6 /* Release */ = {
			isa = XCBuildConfiguration;
			buildSettings = {
				ASSETCATALOG_COMPILER_APPICON_NAME = AppIcon;
				DEVELOPMENT_TEAM = CYP2Q7U7L3;
				INFOPLIST_FILE = UIControlAlertSheet/Info.plist;
				IPHONEOS_DEPLOYMENT_TARGET = 8.0;
				LD_RUNPATH_SEARCH_PATHS = "$(inherited) @executable_path/Frameworks";
				PRODUCT_BUNDLE_IDENTIFIER = com.sand.UIControlAlertSheet;
				PRODUCT_NAME = "$(TARGET_NAME)";
				PROVISIONING_PROFILE = "2c4fd8b8-f65e-4ef2-a2d1-216fddbcf5a0";
				PROVISIONING_PROFILE_SPECIFIER = sandComm_Dev_Profile;
			};
			name = Release;
		};
		289EA9591F59469B00254EA6 /* Debug */ = {
			isa = XCBuildConfiguration;
			buildSettings = {
				BUNDLE_LOADER = "$(TEST_HOST)";
				DEVELOPMENT_TEAM = CYP2Q7U7L3;
				INFOPLIST_FILE = UIControlAlertSheetTests/Info.plist;
				LD_RUNPATH_SEARCH_PATHS = "$(inherited) @executable_path/Frameworks @loader_path/Frameworks";
				PRODUCT_BUNDLE_IDENTIFIER = com.sand.UIControlAlertSheetTests;
				PRODUCT_NAME = "$(TARGET_NAME)";
				TEST_HOST = "$(BUILT_PRODUCTS_DIR)/UIControlAlertSheet.app/UIControlAlertSheet";
			};
			name = Debug;
		};
		289EA95A1F59469B00254EA6 /* Release */ = {
			isa = XCBuildConfiguration;
			buildSettings = {
				BUNDLE_LOADER = "$(TEST_HOST)";
				DEVELOPMENT_TEAM = CYP2Q7U7L3;
				INFOPLIST_FILE = UIControlAlertSheetTests/Info.plist;
				LD_RUNPATH_SEARCH_PATHS = "$(inherited) @executable_path/Frameworks @loader_path/Frameworks";
				PRODUCT_BUNDLE_IDENTIFIER = com.sand.UIControlAlertSheetTests;
				PRODUCT_NAME = "$(TARGET_NAME)";
				TEST_HOST = "$(BUILT_PRODUCTS_DIR)/UIControlAlertSheet.app/UIControlAlertSheet";
			};
			name = Release;
		};
		289EA95C1F59469B00254EA6 /* Debug */ = {
			isa = XCBuildConfiguration;
			buildSettings = {
				DEVELOPMENT_TEAM = CYP2Q7U7L3;
				INFOPLIST_FILE = UIControlAlertSheetUITests/Info.plist;
				LD_RUNPATH_SEARCH_PATHS = "$(inherited) @executable_path/Frameworks @loader_path/Frameworks";
				PRODUCT_BUNDLE_IDENTIFIER = com.sand.UIControlAlertSheetUITests;
				PRODUCT_NAME = "$(TARGET_NAME)";
				TEST_TARGET_NAME = UIControlAlertSheet;
			};
			name = Debug;
		};
		289EA95D1F59469B00254EA6 /* Release */ = {
			isa = XCBuildConfiguration;
			buildSettings = {
				DEVELOPMENT_TEAM = CYP2Q7U7L3;
				INFOPLIST_FILE = UIControlAlertSheetUITests/Info.plist;
				LD_RUNPATH_SEARCH_PATHS = "$(inherited) @executable_path/Frameworks @loader_path/Frameworks";
				PRODUCT_BUNDLE_IDENTIFIER = com.sand.UIControlAlertSheetUITests;
				PRODUCT_NAME = "$(TARGET_NAME)";
				TEST_TARGET_NAME = UIControlAlertSheet;
			};
			name = Release;
		};
/* End XCBuildConfiguration section */

/* Begin XCConfigurationList section */
		289EA9231F59469A00254EA6 /* Build configuration list for PBXProject "UIControlAlertSheet" */ = {
			isa = XCConfigurationList;
			buildConfigurations = (
				289EA9531F59469B00254EA6 /* Debug */,
				289EA9541F59469B00254EA6 /* Release */,
			);
			defaultConfigurationIsVisible = 0;
			defaultConfigurationName = Release;
		};
		289EA9551F59469B00254EA6 /* Build configuration list for PBXNativeTarget "UIControlAlertSheet" */ = {
			isa = XCConfigurationList;
			buildConfigurations = (
				289EA9561F59469B00254EA6 /* Debug */,
				289EA9571F59469B00254EA6 /* Release */,
			);
			defaultConfigurationIsVisible = 0;
			defaultConfigurationName = Release;
		};
		289EA9581F59469B00254EA6 /* Build configuration list for PBXNativeTarget "UIControlAlertSheetTests" */ = {
			isa = XCConfigurationList;
			buildConfigurations = (
				289EA9591F59469B00254EA6 /* Debug */,
				289EA95A1F59469B00254EA6 /* Release */,
			);
			defaultConfigurationIsVisible = 0;
			defaultConfigurationName = Release;
		};
		289EA95B1F59469B00254EA6 /* Build configuration list for PBXNativeTarget "UIControlAlertSheetUITests" */ = {
			isa = XCConfigurationList;
			buildConfigurations = (
				289EA95C1F59469B00254EA6 /* Debug */,
				289EA95D1F59469B00254EA6 /* Release */,
			);
			defaultConfigurationIsVisible = 0;
			defaultConfigurationName = Release;
		};
/* End XCConfigurationList section */
	};
	rootObject = 289EA9201F59469A00254EA6 /* Project object */;
}
