// !$*UTF8*$!
{
	archiveVersion = 1;
	classes = {
	};
	objectVersion = 46;
	objects = {

/* Begin PBXBuildFile section */
		286BFCBD1EE9491200FD9731 /* main.m in Sources */ = {isa = PBXBuildFile; fileRef = 286BFCBC1EE9491200FD9731 /* main.m */; };
		286BFCC01EE9491200FD9731 /* AppDelegate.m in Sources */ = {isa = PBXBuildFile; fileRef = 286BFCBF1EE9491200FD9731 /* AppDelegate.m */; };
		286BFCC31EE9491200FD9731 /* ViewController.m in Sources */ = {isa = PBXBuildFile; fileRef = 286BFCC21EE9491200FD9731 /* ViewController.m */; };
		286BFCC61EE9491200FD9731 /* Main.storyboard in Resources */ = {isa = PBXBuildFile; fileRef = 286BFCC41EE9491200FD9731 /* Main.storyboard */; };
		286BFCC81EE9491200FD9731 /* Assets.xcassets in Resources */ = {isa = PBXBuildFile; fileRef = 286BFCC71EE9491200FD9731 /* Assets.xcassets */; };
		286BFCCB1EE9491200FD9731 /* LaunchScreen.storyboard in Resources */ = {isa = PBXBuildFile; fileRef = 286BFCC91EE9491200FD9731 /* LaunchScreen.storyboard */; };
		286BFCD61EE9491200FD9731 /* AddressBookApiTests.m in Sources */ = {isa = PBXBuildFile; fileRef = 286BFCD51EE9491200FD9731 /* AddressBookApiTests.m */; };
		286BFCE11EE9491200FD9731 /* AddressBookApiUITests.m in Sources */ = {isa = PBXBuildFile; fileRef = 286BFCE01EE9491200FD9731 /* AddressBookApiUITests.m */; };
		286BFCF01EE94A9600FD9731 /* UserModel.m in Sources */ = {isa = PBXBuildFile; fileRef = 286BFCEF1EE94A9600FD9731 /* UserModel.m */; };
/* End PBXBuildFile section */

/* Begin PBXContainerItemProxy section */
		286BFCD21EE9491200FD9731 /* PBXContainerItemProxy */ = {
			isa = PBXContainerItemProxy;
			containerPortal = 286BFCB01EE9491200FD9731 /* Project object */;
			proxyType = 1;
			remoteGlobalIDString = 286BFCB71EE9491200FD9731;
			remoteInfo = AddressBookApi;
		};
		286BFCDD1EE9491200FD9731 /* PBXContainerItemProxy */ = {
			isa = PBXContainerItemProxy;
			containerPortal = 286BFCB01EE9491200FD9731 /* Project object */;
			proxyType = 1;
			remoteGlobalIDString = 286BFCB71EE9491200FD9731;
			remoteInfo = AddressBookApi;
		};
/* End PBXContainerItemProxy section */

/* Begin PBXFileReference section */
		286BFCB81EE9491200FD9731 /* AddressBookApi.app */ = {isa = PBXFileReference; explicitFileType = wrapper.application; includeInIndex = 0; path = AddressBookApi.app; sourceTree = BUILT_PRODUCTS_DIR; };
		286BFCBC1EE9491200FD9731 /* main.m */ = {isa = PBXFileReference; lastKnownFileType = sourcecode.c.objc; path = main.m; sourceTree = "<group>"; };
		286BFCBE1EE9491200FD9731 /* AppDelegate.h */ = {isa = PBXFileReference; lastKnownFileType = sourcecode.c.h; path = AppDelegate.h; sourceTree = "<group>"; };
		286BFCBF1EE9491200FD9731 /* AppDelegate.m */ = {isa = PBXFileReference; lastKnownFileType = sourcecode.c.objc; path = AppDelegate.m; sourceTree = "<group>"; };
		286BFCC11EE9491200FD9731 /* ViewController.h */ = {isa = PBXFileReference; lastKnownFileType = sourcecode.c.h; path = ViewController.h; sourceTree = "<group>"; };
		286BFCC21EE9491200FD9731 /* ViewController.m */ = {isa = PBXFileReference; lastKnownFileType = sourcecode.c.objc; path = ViewController.m; sourceTree = "<group>"; };
		286BFCC51EE9491200FD9731 /* Base */ = {isa = PBXFileReference; lastKnownFileType = file.storyboard; name = Base; path = Base.lproj/Main.storyboard; sourceTree = "<group>"; };
		286BFCC71EE9491200FD9731 /* Assets.xcassets */ = {isa = PBXFileReference; lastKnownFileType = folder.assetcatalog; path = Assets.xcassets; sourceTree = "<group>"; };
		286BFCCA1EE9491200FD9731 /* Base */ = {isa = PBXFileReference; lastKnownFileType = file.storyboard; name = Base; path = Base.lproj/LaunchScreen.storyboard; sourceTree = "<group>"; };
		286BFCCC1EE9491200FD9731 /* Info.plist */ = {isa = PBXFileReference; lastKnownFileType = text.plist.xml; path = Info.plist; sourceTree = "<group>"; };
		286BFCD11EE9491200FD9731 /* AddressBookApiTests.xctest */ = {isa = PBXFileReference; explicitFileType = wrapper.cfbundle; includeInIndex = 0; path = AddressBookApiTests.xctest; sourceTree = BUILT_PRODUCTS_DIR; };
		286BFCD51EE9491200FD9731 /* AddressBookApiTests.m */ = {isa = PBXFileReference; lastKnownFileType = sourcecode.c.objc; path = AddressBookApiTests.m; sourceTree = "<group>"; };
		286BFCD71EE9491200FD9731 /* Info.plist */ = {isa = PBXFileReference; lastKnownFileType = text.plist.xml; path = Info.plist; sourceTree = "<group>"; };
		286BFCDC1EE9491200FD9731 /* AddressBookApiUITests.xctest */ = {isa = PBXFileReference; explicitFileType = wrapper.cfbundle; includeInIndex = 0; path = AddressBookApiUITests.xctest; sourceTree = BUILT_PRODUCTS_DIR; };
		286BFCE01EE9491200FD9731 /* AddressBookApiUITests.m */ = {isa = PBXFileReference; lastKnownFileType = sourcecode.c.objc; path = AddressBookApiUITests.m; sourceTree = "<group>"; };
		286BFCE21EE9491200FD9731 /* Info.plist */ = {isa = PBXFileReference; lastKnownFileType = text.plist.xml; path = Info.plist; sourceTree = "<group>"; };
		286BFCEE1EE94A9500FD9731 /* UserModel.h */ = {isa = PBXFileReference; fileEncoding = 4; lastKnownFileType = sourcecode.c.h; path = UserModel.h; sourceTree = "<group>"; };
		286BFCEF1EE94A9600FD9731 /* UserModel.m */ = {isa = PBXFileReference; fileEncoding = 4; lastKnownFileType = sourcecode.c.objc; path = UserModel.m; sourceTree = "<group>"; };
/* End PBXFileReference section */

/* Begin PBXFrameworksBuildPhase section */
		286BFCB51EE9491200FD9731 /* Frameworks */ = {
			isa = PBXFrameworksBuildPhase;
			buildActionMask = 2147483647;
			files = (
			);
			runOnlyForDeploymentPostprocessing = 0;
		};
		286BFCCE1EE9491200FD9731 /* Frameworks */ = {
			isa = PBXFrameworksBuildPhase;
			buildActionMask = 2147483647;
			files = (
			);
			runOnlyForDeploymentPostprocessing = 0;
		};
		286BFCD91EE9491200FD9731 /* Frameworks */ = {
			isa = PBXFrameworksBuildPhase;
			buildActionMask = 2147483647;
			files = (
			);
			runOnlyForDeploymentPostprocessing = 0;
		};
/* End PBXFrameworksBuildPhase section */

/* Begin PBXGroup section */
		286BFCAF1EE9491200FD9731 = {
			isa = PBXGroup;
			children = (
				286BFCBA1EE9491200FD9731 /* AddressBookApi */,
				286BFCD41EE9491200FD9731 /* AddressBookApiTests */,
				286BFCDF1EE9491200FD9731 /* AddressBookApiUITests */,
				286BFCB91EE9491200FD9731 /* Products */,
			);
			sourceTree = "<group>";
		};
		286BFCB91EE9491200FD9731 /* Products */ = {
			isa = PBXGroup;
			children = (
				286BFCB81EE9491200FD9731 /* AddressBookApi.app */,
				286BFCD11EE9491200FD9731 /* AddressBookApiTests.xctest */,
				286BFCDC1EE9491200FD9731 /* AddressBookApiUITests.xctest */,
			);
			name = Products;
			sourceTree = "<group>";
		};
		286BFCBA1EE9491200FD9731 /* AddressBookApi */ = {
			isa = PBXGroup;
			children = (
				286BFCBE1EE9491200FD9731 /* AppDelegate.h */,
				286BFCBF1EE9491200FD9731 /* AppDelegate.m */,
				286BFCC11EE9491200FD9731 /* ViewController.h */,
				286BFCC21EE9491200FD9731 /* ViewController.m */,
				286BFCEE1EE94A9500FD9731 /* UserModel.h */,
				286BFCEF1EE94A9600FD9731 /* UserModel.m */,
				286BFCC41EE9491200FD9731 /* Main.storyboard */,
				286BFCC71EE9491200FD9731 /* Assets.xcassets */,
				286BFCC91EE9491200FD9731 /* LaunchScreen.storyboard */,
				286BFCCC1EE9491200FD9731 /* Info.plist */,
				286BFCBB1EE9491200FD9731 /* Supporting Files */,
			);
			path = AddressBookApi;
			sourceTree = "<group>";
		};
		286BFCBB1EE9491200FD9731 /* Supporting Files */ = {
			isa = PBXGroup;
			children = (
				286BFCBC1EE9491200FD9731 /* main.m */,
			);
			name = "Supporting Files";
			sourceTree = "<group>";
		};
		286BFCD41EE9491200FD9731 /* AddressBookApiTests */ = {
			isa = PBXGroup;
			children = (
				286BFCD51EE9491200FD9731 /* AddressBookApiTests.m */,
				286BFCD71EE9491200FD9731 /* Info.plist */,
			);
			path = AddressBookApiTests;
			sourceTree = "<group>";
		};
		286BFCDF1EE9491200FD9731 /* AddressBookApiUITests */ = {
			isa = PBXGroup;
			children = (
				286BFCE01EE9491200FD9731 /* AddressBookApiUITests.m */,
				286BFCE21EE9491200FD9731 /* Info.plist */,
			);
			path = AddressBookApiUITests;
			sourceTree = "<group>";
		};
/* End PBXGroup section */

/* Begin PBXNativeTarget section */
		286BFCB71EE9491200FD9731 /* AddressBookApi */ = {
			isa = PBXNativeTarget;
			buildConfigurationList = 286BFCE51EE9491200FD9731 /* Build configuration list for PBXNativeTarget "AddressBookApi" */;
			buildPhases = (
				286BFCB41EE9491200FD9731 /* Sources */,
				286BFCB51EE9491200FD9731 /* Frameworks */,
				286BFCB61EE9491200FD9731 /* Resources */,
			);
			buildRules = (
			);
			dependencies = (
			);
			name = AddressBookApi;
			productName = AddressBookApi;
			productReference = 286BFCB81EE9491200FD9731 /* AddressBookApi.app */;
			productType = "com.apple.product-type.application";
		};
		286BFCD01EE9491200FD9731 /* AddressBookApiTests */ = {
			isa = PBXNativeTarget;
			buildConfigurationList = 286BFCE81EE9491200FD9731 /* Build configuration list for PBXNativeTarget "AddressBookApiTests" */;
			buildPhases = (
				286BFCCD1EE9491200FD9731 /* Sources */,
				286BFCCE1EE9491200FD9731 /* Frameworks */,
				286BFCCF1EE9491200FD9731 /* Resources */,
			);
			buildRules = (
			);
			dependencies = (
				286BFCD31EE9491200FD9731 /* PBXTargetDependency */,
			);
			name = AddressBookApiTests;
			productName = AddressBookApiTests;
			productReference = 286BFCD11EE9491200FD9731 /* AddressBookApiTests.xctest */;
			productType = "com.apple.product-type.bundle.unit-test";
		};
		286BFCDB1EE9491200FD9731 /* AddressBookApiUITests */ = {
			isa = PBXNativeTarget;
			buildConfigurationList = 286BFCEB1EE9491200FD9731 /* Build configuration list for PBXNativeTarget "AddressBookApiUITests" */;
			buildPhases = (
				286BFCD81EE9491200FD9731 /* Sources */,
				286BFCD91EE9491200FD9731 /* Frameworks */,
				286BFCDA1EE9491200FD9731 /* Resources */,
			);
			buildRules = (
			);
			dependencies = (
				286BFCDE1EE9491200FD9731 /* PBXTargetDependency */,
			);
			name = AddressBookApiUITests;
			productName = AddressBookApiUITests;
			productReference = 286BFCDC1EE9491200FD9731 /* AddressBookApiUITests.xctest */;
			productType = "com.apple.product-type.bundle.ui-testing";
		};
/* End PBXNativeTarget section */

/* Begin PBXProject section */
		286BFCB01EE9491200FD9731 /* Project object */ = {
			isa = PBXProject;
			attributes = {
				LastUpgradeCheck = 0810;
				ORGANIZATIONNAME = tianNanYiHao;
				TargetAttributes = {
					286BFCB71EE9491200FD9731 = {
						CreatedOnToolsVersion = 8.1;
						DevelopmentTeam = CYP2Q7U7L3;
						ProvisioningStyle = Manual;
					};
					286BFCD01EE9491200FD9731 = {
						CreatedOnToolsVersion = 8.1;
						ProvisioningStyle = Automatic;
						TestTargetID = 286BFCB71EE9491200FD9731;
					};
					286BFCDB1EE9491200FD9731 = {
						CreatedOnToolsVersion = 8.1;
						ProvisioningStyle = Automatic;
						TestTargetID = 286BFCB71EE9491200FD9731;
					};
				};
			};
			buildConfigurationList = 286BFCB31EE9491200FD9731 /* Build configuration list for PBXProject "AddressBookApi" */;
			compatibilityVersion = "Xcode 3.2";
			developmentRegion = English;
			hasScannedForEncodings = 0;
			knownRegions = (
				en,
				Base,
			);
			mainGroup = 286BFCAF1EE9491200FD9731;
			productRefGroup = 286BFCB91EE9491200FD9731 /* Products */;
			projectDirPath = "";
			projectRoot = "";
			targets = (
				286BFCB71EE9491200FD9731 /* AddressBookApi */,
				286BFCD01EE9491200FD9731 /* AddressBookApiTests */,
				286BFCDB1EE9491200FD9731 /* AddressBookApiUITests */,
			);
		};
/* End PBXProject section */

/* Begin PBXResourcesBuildPhase section */
		286BFCB61EE9491200FD9731 /* Resources */ = {
			isa = PBXResourcesBuildPhase;
			buildActionMask = 2147483647;
			files = (
				286BFCCB1EE9491200FD9731 /* LaunchScreen.storyboard in Resources */,
				286BFCC81EE9491200FD9731 /* Assets.xcassets in Resources */,
				286BFCC61EE9491200FD9731 /* Main.storyboard in Resources */,
			);
			runOnlyForDeploymentPostprocessing = 0;
		};
		286BFCCF1EE9491200FD9731 /* Resources */ = {
			isa = PBXResourcesBuildPhase;
			buildActionMask = 2147483647;
			files = (
			);
			runOnlyForDeploymentPostprocessing = 0;
		};
		286BFCDA1EE9491200FD9731 /* Resources */ = {
			isa = PBXResourcesBuildPhase;
			buildActionMask = 2147483647;
			files = (
			);
			runOnlyForDeploymentPostprocessing = 0;
		};
/* End PBXResourcesBuildPhase section */

/* Begin PBXSourcesBuildPhase section */
		286BFCB41EE9491200FD9731 /* Sources */ = {
			isa = PBXSourcesBuildPhase;
			buildActionMask = 2147483647;
			files = (
				286BFCC31EE9491200FD9731 /* ViewController.m in Sources */,
				286BFCC01EE9491200FD9731 /* AppDelegate.m in Sources */,
				286BFCF01EE94A9600FD9731 /* UserModel.m in Sources */,
				286BFCBD1EE9491200FD9731 /* main.m in Sources */,
			);
			runOnlyForDeploymentPostprocessing = 0;
		};
		286BFCCD1EE9491200FD9731 /* Sources */ = {
			isa = PBXSourcesBuildPhase;
			buildActionMask = 2147483647;
			files = (
				286BFCD61EE9491200FD9731 /* AddressBookApiTests.m in Sources */,
			);
			runOnlyForDeploymentPostprocessing = 0;
		};
		286BFCD81EE9491200FD9731 /* Sources */ = {
			isa = PBXSourcesBuildPhase;
			buildActionMask = 2147483647;
			files = (
				286BFCE11EE9491200FD9731 /* AddressBookApiUITests.m in Sources */,
			);
			runOnlyForDeploymentPostprocessing = 0;
		};
/* End PBXSourcesBuildPhase section */

/* Begin PBXTargetDependency section */
		286BFCD31EE9491200FD9731 /* PBXTargetDependency */ = {
			isa = PBXTargetDependency;
			target = 286BFCB71EE9491200FD9731 /* AddressBookApi */;
			targetProxy = 286BFCD21EE9491200FD9731 /* PBXContainerItemProxy */;
		};
		286BFCDE1EE9491200FD9731 /* PBXTargetDependency */ = {
			isa = PBXTargetDependency;
			target = 286BFCB71EE9491200FD9731 /* AddressBookApi */;
			targetProxy = 286BFCDD1EE9491200FD9731 /* PBXContainerItemProxy */;
		};
/* End PBXTargetDependency section */

/* Begin PBXVariantGroup section */
		286BFCC41EE9491200FD9731 /* Main.storyboard */ = {
			isa = PBXVariantGroup;
			children = (
				286BFCC51EE9491200FD9731 /* Base */,
			);
			name = Main.storyboard;
			sourceTree = "<group>";
		};
		286BFCC91EE9491200FD9731 /* LaunchScreen.storyboard */ = {
			isa = PBXVariantGroup;
			children = (
				286BFCCA1EE9491200FD9731 /* Base */,
			);
			name = LaunchScreen.storyboard;
			sourceTree = "<group>";
		};
/* End PBXVariantGroup section */

/* Begin XCBuildConfiguration section */
		286BFCE31EE9491200FD9731 /* Debug */ = {
			isa = XCBuildConfiguration;
			buildSettings = {
				ALWAYS_SEARCH_USER_PATHS = NO;
				CLANG_ANALYZER_NONNULL = YES;
				CLANG_CXX_LANGUAGE_STANDARD = "gnu++0x";
				CLANG_CXX_LIBRARY = "libc++";
				CLANG_ENABLE_MODULES = YES;
				CLANG_ENABLE_OBJC_ARC = YES;
				CLANG_WARN_BOOL_CONVERSION = YES;
				CLANG_WARN_CONSTANT_CONVERSION = YES;
				CLANG_WARN_DIRECT_OBJC_ISA_USAGE = YES_ERROR;
				CLANG_WARN_DOCUMENTATION_COMMENTS = YES;
				CLANG_WARN_EMPTY_BODY = YES;
				CLANG_WARN_ENUM_CONVERSION = YES;
				CLANG_WARN_INFINITE_RECURSION = YES;
				CLANG_WARN_INT_CONVERSION = YES;
				CLANG_WARN_OBJC_ROOT_CLASS = YES_ERROR;
				CLANG_WARN_SUSPICIOUS_MOVES = YES;
				CLANG_WARN_UNREACHABLE_CODE = YES;
				CLANG_WARN__DUPLICATE_METHOD_MATCH = YES;
				"CODE_SIGN_IDENTITY[sdk=iphoneos*]" = "iPhone Developer";
				COPY_PHASE_STRIP = NO;
				DEBUG_INFORMATION_FORMAT = dwarf;
				ENABLE_STRICT_OBJC_MSGSEND = YES;
				ENABLE_TESTABILITY = YES;
				GCC_C_LANGUAGE_STANDARD = gnu99;
				GCC_DYNAMIC_NO_PIC = NO;
				GCC_NO_COMMON_BLOCKS = YES;
				GCC_OPTIMIZATION_LEVEL = 0;
				GCC_PREPROCESSOR_DEFINITIONS = (
					"DEBUG=1",
					"$(inherited)",
				);
				GCC_WARN_64_TO_32_BIT_CONVERSION = YES;
				GCC_WARN_ABOUT_RETURN_TYPE = YES_ERROR;
				GCC_WARN_UNDECLARED_SELECTOR = YES;
				GCC_WARN_UNINITIALIZED_AUTOS = YES_AGGRESSIVE;
				GCC_WARN_UNUSED_FUNCTION = YES;
				GCC_WARN_UNUSED_VARIABLE = YES;
				IPHONEOS_DEPLOYMENT_TARGET = 10.1;
				MTL_ENABLE_DEBUG_INFO = YES;
				ONLY_ACTIVE_ARCH = YES;
				SDKROOT = iphoneos;
			};
			name = Debug;
		};
		286BFCE41EE9491200FD9731 /* Release */ = {
			isa = XCBuildConfiguration;
			buildSettings = {
				ALWAYS_SEARCH_USER_PATHS = NO;
				CLANG_ANALYZER_NONNULL = YES;
				CLANG_CXX_LANGUAGE_STANDARD = "gnu++0x";
				CLANG_CXX_LIBRARY = "libc++";
				CLANG_ENABLE_MODULES = YES;
				CLANG_ENABLE_OBJC_ARC = YES;
				CLANG_WARN_BOOL_CONVERSION = YES;
				CLANG_WARN_CONSTANT_CONVERSION = YES;
				CLANG_WARN_DIRECT_OBJC_ISA_USAGE = YES_ERROR;
				CLANG_WARN_DOCUMENTATION_COMMENTS = YES;
				CLANG_WARN_EMPTY_BODY = YES;
				CLANG_WARN_ENUM_CONVERSION = YES;
				CLANG_WARN_INFINITE_RECURSION = YES;
				CLANG_WARN_INT_CONVERSION = YES;
				CLANG_WARN_OBJC_ROOT_CLASS = YES_ERROR;
				CLANG_WARN_SUSPICIOUS_MOVES = YES;
				CLANG_WARN_UNREACHABLE_CODE = YES;
				CLANG_WARN__DUPLICATE_METHOD_MATCH = YES;
				"CODE_SIGN_IDENTITY[sdk=iphoneos*]" = "iPhone Developer";
				COPY_PHASE_STRIP = NO;
				DEBUG_INFORMATION_FORMAT = "dwarf-with-dsym";
				ENABLE_NS_ASSERTIONS = NO;
				ENABLE_STRICT_OBJC_MSGSEND = YES;
				GCC_C_LANGUAGE_STANDARD = gnu99;
				GCC_NO_COMMON_BLOCKS = YES;
				GCC_WARN_64_TO_32_BIT_CONVERSION = YES;
				GCC_WARN_ABOUT_RETURN_TYPE = YES_ERROR;
				GCC_WARN_UNDECLARED_SELECTOR = YES;
				GCC_WARN_UNINITIALIZED_AUTOS = YES_AGGRESSIVE;
				GCC_WARN_UNUSED_FUNCTION = YES;
				GCC_WARN_UNUSED_VARIABLE = YES;
				IPHONEOS_DEPLOYMENT_TARGET = 10.1;
				MTL_ENABLE_DEBUG_INFO = NO;
				SDKROOT = iphoneos;
				VALIDATE_PRODUCT = YES;
			};
			name = Release;
		};
		286BFCE61EE9491200FD9731 /* Debug */ = {
			isa = XCBuildConfiguration;
			buildSettings = {
				ASSETCATALOG_COMPILER_APPICON_NAME = AppIcon;
				DEVELOPMENT_TEAM = CYP2Q7U7L3;
				INFOPLIST_FILE = AddressBookApi/Info.plist;
				IPHONEOS_DEPLOYMENT_TARGET = 8.0;
				LD_RUNPATH_SEARCH_PATHS = "$(inherited) @executable_path/Frameworks";
				PRODUCT_BUNDLE_IDENTIFIER = com.sand.AddressBookApi;
				PRODUCT_NAME = "$(TARGET_NAME)";
				PROVISIONING_PROFILE = "32ba215d-640b-4eb3-a9d3-4d9d85e23158";
				PROVISIONING_PROFILE_SPECIFIER = sandComm_Dev_Profile;
			};
			name = Debug;
		};
		286BFCE71EE9491200FD9731 /* Release */ = {
			isa = XCBuildConfiguration;
			buildSettings = {
				ASSETCATALOG_COMPILER_APPICON_NAME = AppIcon;
				DEVELOPMENT_TEAM = CYP2Q7U7L3;
				INFOPLIST_FILE = AddressBookApi/Info.plist;
				IPHONEOS_DEPLOYMENT_TARGET = 8.0;
				LD_RUNPATH_SEARCH_PATHS = "$(inherited) @executable_path/Frameworks";
				PRODUCT_BUNDLE_IDENTIFIER = com.sand.AddressBookApi;
				PRODUCT_NAME = "$(TARGET_NAME)";
				PROVISIONING_PROFILE = "32ba215d-640b-4eb3-a9d3-4d9d85e23158";
				PROVISIONING_PROFILE_SPECIFIER = sandComm_Dev_Profile;
			};
			name = Release;
		};
		286BFCE91EE9491200FD9731 /* Debug */ = {
			isa = XCBuildConfiguration;
			buildSettings = {
				BUNDLE_LOADER = "$(TEST_HOST)";
				INFOPLIST_FILE = AddressBookApiTests/Info.plist;
				LD_RUNPATH_SEARCH_PATHS = "$(inherited) @executable_path/Frameworks @loader_path/Frameworks";
				PRODUCT_BUNDLE_IDENTIFIER = com.sand.AddressBookApiTests;
				PRODUCT_NAME = "$(TARGET_NAME)";
				TEST_HOST = "$(BUILT_PRODUCTS_DIR)/AddressBookApi.app/AddressBookApi";
			};
			name = Debug;
		};
		286BFCEA1EE9491200FD9731 /* Release */ = {
			isa = XCBuildConfiguration;
			buildSettings = {
				BUNDLE_LOADER = "$(TEST_HOST)";
				INFOPLIST_FILE = AddressBookApiTests/Info.plist;
				LD_RUNPATH_SEARCH_PATHS = "$(inherited) @executable_path/Frameworks @loader_path/Frameworks";
				PRODUCT_BUNDLE_IDENTIFIER = com.sand.AddressBookApiTests;
				PRODUCT_NAME = "$(TARGET_NAME)";
				TEST_HOST = "$(BUILT_PRODUCTS_DIR)/AddressBookApi.app/AddressBookApi";
			};
			name = Release;
		};
		286BFCEC1EE9491200FD9731 /* Debug */ = {
			isa = XCBuildConfiguration;
			buildSettings = {
				INFOPLIST_FILE = AddressBookApiUITests/Info.plist;
				LD_RUNPATH_SEARCH_PATHS = "$(inherited) @executable_path/Frameworks @loader_path/Frameworks";
				PRODUCT_BUNDLE_IDENTIFIER = com.sand.AddressBookApiUITests;
				PRODUCT_NAME = "$(TARGET_NAME)";
				TEST_TARGET_NAME = AddressBookApi;
			};
			name = Debug;
		};
		286BFCED1EE9491200FD9731 /* Release */ = {
			isa = XCBuildConfiguration;
			buildSettings = {
				INFOPLIST_FILE = AddressBookApiUITests/Info.plist;
				LD_RUNPATH_SEARCH_PATHS = "$(inherited) @executable_path/Frameworks @loader_path/Frameworks";
				PRODUCT_BUNDLE_IDENTIFIER = com.sand.AddressBookApiUITests;
				PRODUCT_NAME = "$(TARGET_NAME)";
				TEST_TARGET_NAME = AddressBookApi;
			};
			name = Release;
		};
/* End XCBuildConfiguration section */

/* Begin XCConfigurationList section */
		286BFCB31EE9491200FD9731 /* Build configuration list for PBXProject "AddressBookApi" */ = {
			isa = XCConfigurationList;
			buildConfigurations = (
				286BFCE31EE9491200FD9731 /* Debug */,
				286BFCE41EE9491200FD9731 /* Release */,
			);
			defaultConfigurationIsVisible = 0;
			defaultConfigurationName = Release;
		};
		286BFCE51EE9491200FD9731 /* Build configuration list for PBXNativeTarget "AddressBookApi" */ = {
			isa = XCConfigurationList;
			buildConfigurations = (
				286BFCE61EE9491200FD9731 /* Debug */,
				286BFCE71EE9491200FD9731 /* Release */,
			);
			defaultConfigurationIsVisible = 0;
		};
		286BFCE81EE9491200FD9731 /* Build configuration list for PBXNativeTarget "AddressBookApiTests" */ = {
			isa = XCConfigurationList;
			buildConfigurations = (
				286BFCE91EE9491200FD9731 /* Debug */,
				286BFCEA1EE9491200FD9731 /* Release */,
			);
			defaultConfigurationIsVisible = 0;
		};
		286BFCEB1EE9491200FD9731 /* Build configuration list for PBXNativeTarget "AddressBookApiUITests" */ = {
			isa = XCConfigurationList;
			buildConfigurations = (
				286BFCEC1EE9491200FD9731 /* Debug */,
				286BFCED1EE9491200FD9731 /* Release */,
			);
			defaultConfigurationIsVisible = 0;
		};
/* End XCConfigurationList section */
	};
	rootObject = 286BFCB01EE9491200FD9731 /* Project object */;
}
