// !$*UTF8*$!
{
	archiveVersion = 1;
	classes = {
	};
	objectVersion = 46;
	objects = {

/* Begin PBXBuildFile section */
		285BAE701F3AD6A600476F39 /* main.m in Sources */ = {isa = PBXBuildFile; fileRef = 285BAE6F1F3AD6A600476F39 /* main.m */; };
		285BAE731F3AD6A600476F39 /* AppDelegate.m in Sources */ = {isa = PBXBuildFile; fileRef = 285BAE721F3AD6A600476F39 /* AppDelegate.m */; };
		285BAE761F3AD6A600476F39 /* ViewController.m in Sources */ = {isa = PBXBuildFile; fileRef = 285BAE751F3AD6A600476F39 /* ViewController.m */; };
		285BAE791F3AD6A600476F39 /* Main.storyboard in Resources */ = {isa = PBXBuildFile; fileRef = 285BAE771F3AD6A600476F39 /* Main.storyboard */; };
		285BAE7B1F3AD6A600476F39 /* Assets.xcassets in Resources */ = {isa = PBXBuildFile; fileRef = 285BAE7A1F3AD6A600476F39 /* Assets.xcassets */; };
		285BAE7E1F3AD6A600476F39 /* LaunchScreen.storyboard in Resources */ = {isa = PBXBuildFile; fileRef = 285BAE7C1F3AD6A600476F39 /* LaunchScreen.storyboard */; };
		285BAE891F3AD6A600476F39 /* CAReplicatorLayerDemoTests.m in Sources */ = {isa = PBXBuildFile; fileRef = 285BAE881F3AD6A600476F39 /* CAReplicatorLayerDemoTests.m */; };
		285BAE941F3AD6A600476F39 /* CAReplicatorLayerDemoUITests.m in Sources */ = {isa = PBXBuildFile; fileRef = 285BAE931F3AD6A600476F39 /* CAReplicatorLayerDemoUITests.m */; };
		285BAEA31F3ADF0C00476F39 /* NextViewController.m in Sources */ = {isa = PBXBuildFile; fileRef = 285BAEA21F3ADF0C00476F39 /* NextViewController.m */; };
		285BAEA51F3AE23A00476F39 /* 屏幕快照 2017-08-09 下午2.24.50.png in Resources */ = {isa = PBXBuildFile; fileRef = 285BAEA41F3AE23A00476F39 /* 屏幕快照 2017-08-09 下午2.24.50.png */; };
/* End PBXBuildFile section */

/* Begin PBXContainerItemProxy section */
		285BAE851F3AD6A600476F39 /* PBXContainerItemProxy */ = {
			isa = PBXContainerItemProxy;
			containerPortal = 285BAE631F3AD6A600476F39 /* Project object */;
			proxyType = 1;
			remoteGlobalIDString = 285BAE6A1F3AD6A600476F39;
			remoteInfo = CAReplicatorLayerDemo;
		};
		285BAE901F3AD6A600476F39 /* PBXContainerItemProxy */ = {
			isa = PBXContainerItemProxy;
			containerPortal = 285BAE631F3AD6A600476F39 /* Project object */;
			proxyType = 1;
			remoteGlobalIDString = 285BAE6A1F3AD6A600476F39;
			remoteInfo = CAReplicatorLayerDemo;
		};
/* End PBXContainerItemProxy section */

/* Begin PBXFileReference section */
		285BAE6B1F3AD6A600476F39 /* CAReplicatorLayerDemo.app */ = {isa = PBXFileReference; explicitFileType = wrapper.application; includeInIndex = 0; path = CAReplicatorLayerDemo.app; sourceTree = BUILT_PRODUCTS_DIR; };
		285BAE6F1F3AD6A600476F39 /* main.m */ = {isa = PBXFileReference; lastKnownFileType = sourcecode.c.objc; path = main.m; sourceTree = "<group>"; };
		285BAE711F3AD6A600476F39 /* AppDelegate.h */ = {isa = PBXFileReference; lastKnownFileType = sourcecode.c.h; path = AppDelegate.h; sourceTree = "<group>"; };
		285BAE721F3AD6A600476F39 /* AppDelegate.m */ = {isa = PBXFileReference; lastKnownFileType = sourcecode.c.objc; path = AppDelegate.m; sourceTree = "<group>"; };
		285BAE741F3AD6A600476F39 /* ViewController.h */ = {isa = PBXFileReference; lastKnownFileType = sourcecode.c.h; path = ViewController.h; sourceTree = "<group>"; };
		285BAE751F3AD6A600476F39 /* ViewController.m */ = {isa = PBXFileReference; lastKnownFileType = sourcecode.c.objc; path = ViewController.m; sourceTree = "<group>"; };
		285BAE781F3AD6A600476F39 /* Base */ = {isa = PBXFileReference; lastKnownFileType = file.storyboard; name = Base; path = Base.lproj/Main.storyboard; sourceTree = "<group>"; };
		285BAE7A1F3AD6A600476F39 /* Assets.xcassets */ = {isa = PBXFileReference; lastKnownFileType = folder.assetcatalog; path = Assets.xcassets; sourceTree = "<group>"; };
		285BAE7D1F3AD6A600476F39 /* Base */ = {isa = PBXFileReference; lastKnownFileType = file.storyboard; name = Base; path = Base.lproj/LaunchScreen.storyboard; sourceTree = "<group>"; };
		285BAE7F1F3AD6A600476F39 /* Info.plist */ = {isa = PBXFileReference; lastKnownFileType = text.plist.xml; path = Info.plist; sourceTree = "<group>"; };
		285BAE841F3AD6A600476F39 /* CAReplicatorLayerDemoTests.xctest */ = {isa = PBXFileReference; explicitFileType = wrapper.cfbundle; includeInIndex = 0; path = CAReplicatorLayerDemoTests.xctest; sourceTree = BUILT_PRODUCTS_DIR; };
		285BAE881F3AD6A600476F39 /* CAReplicatorLayerDemoTests.m */ = {isa = PBXFileReference; lastKnownFileType = sourcecode.c.objc; path = CAReplicatorLayerDemoTests.m; sourceTree = "<group>"; };
		285BAE8A1F3AD6A600476F39 /* Info.plist */ = {isa = PBXFileReference; lastKnownFileType = text.plist.xml; path = Info.plist; sourceTree = "<group>"; };
		285BAE8F1F3AD6A600476F39 /* CAReplicatorLayerDemoUITests.xctest */ = {isa = PBXFileReference; explicitFileType = wrapper.cfbundle; includeInIndex = 0; path = CAReplicatorLayerDemoUITests.xctest; sourceTree = BUILT_PRODUCTS_DIR; };
		285BAE931F3AD6A600476F39 /* CAReplicatorLayerDemoUITests.m */ = {isa = PBXFileReference; lastKnownFileType = sourcecode.c.objc; path = CAReplicatorLayerDemoUITests.m; sourceTree = "<group>"; };
		285BAE951F3AD6A600476F39 /* Info.plist */ = {isa = PBXFileReference; lastKnownFileType = text.plist.xml; path = Info.plist; sourceTree = "<group>"; };
		285BAEA11F3ADF0C00476F39 /* NextViewController.h */ = {isa = PBXFileReference; fileEncoding = 4; lastKnownFileType = sourcecode.c.h; path = NextViewController.h; sourceTree = "<group>"; };
		285BAEA21F3ADF0C00476F39 /* NextViewController.m */ = {isa = PBXFileReference; fileEncoding = 4; lastKnownFileType = sourcecode.c.objc; path = NextViewController.m; sourceTree = "<group>"; };
		285BAEA41F3AE23A00476F39 /* 屏幕快照 2017-08-09 下午2.24.50.png */ = {isa = PBXFileReference; lastKnownFileType = image.png; path = "屏幕快照 2017-08-09 下午2.24.50.png"; sourceTree = "<group>"; };
/* End PBXFileReference section */

/* Begin PBXFrameworksBuildPhase section */
		285BAE681F3AD6A600476F39 /* Frameworks */ = {
			isa = PBXFrameworksBuildPhase;
			buildActionMask = 2147483647;
			files = (
			);
			runOnlyForDeploymentPostprocessing = 0;
		};
		285BAE811F3AD6A600476F39 /* Frameworks */ = {
			isa = PBXFrameworksBuildPhase;
			buildActionMask = 2147483647;
			files = (
			);
			runOnlyForDeploymentPostprocessing = 0;
		};
		285BAE8C1F3AD6A600476F39 /* Frameworks */ = {
			isa = PBXFrameworksBuildPhase;
			buildActionMask = 2147483647;
			files = (
			);
			runOnlyForDeploymentPostprocessing = 0;
		};
/* End PBXFrameworksBuildPhase section */

/* Begin PBXGroup section */
		285BAE621F3AD6A600476F39 = {
			isa = PBXGroup;
			children = (
				285BAE6D1F3AD6A600476F39 /* CAReplicatorLayerDemo */,
				285BAE871F3AD6A600476F39 /* CAReplicatorLayerDemoTests */,
				285BAE921F3AD6A600476F39 /* CAReplicatorLayerDemoUITests */,
				285BAE6C1F3AD6A600476F39 /* Products */,
			);
			sourceTree = "<group>";
		};
		285BAE6C1F3AD6A600476F39 /* Products */ = {
			isa = PBXGroup;
			children = (
				285BAE6B1F3AD6A600476F39 /* CAReplicatorLayerDemo.app */,
				285BAE841F3AD6A600476F39 /* CAReplicatorLayerDemoTests.xctest */,
				285BAE8F1F3AD6A600476F39 /* CAReplicatorLayerDemoUITests.xctest */,
			);
			name = Products;
			sourceTree = "<group>";
		};
		285BAE6D1F3AD6A600476F39 /* CAReplicatorLayerDemo */ = {
			isa = PBXGroup;
			children = (
				285BAE711F3AD6A600476F39 /* AppDelegate.h */,
				285BAEA41F3AE23A00476F39 /* 屏幕快照 2017-08-09 下午2.24.50.png */,
				285BAE721F3AD6A600476F39 /* AppDelegate.m */,
				285BAE741F3AD6A600476F39 /* ViewController.h */,
				285BAE751F3AD6A600476F39 /* ViewController.m */,
				285BAEA11F3ADF0C00476F39 /* NextViewController.h */,
				285BAEA21F3ADF0C00476F39 /* NextViewController.m */,
				285BAE771F3AD6A600476F39 /* Main.storyboard */,
				285BAE7A1F3AD6A600476F39 /* Assets.xcassets */,
				285BAE7C1F3AD6A600476F39 /* LaunchScreen.storyboard */,
				285BAE7F1F3AD6A600476F39 /* Info.plist */,
				285BAE6E1F3AD6A600476F39 /* Supporting Files */,
			);
			path = CAReplicatorLayerDemo;
			sourceTree = "<group>";
		};
		285BAE6E1F3AD6A600476F39 /* Supporting Files */ = {
			isa = PBXGroup;
			children = (
				285BAE6F1F3AD6A600476F39 /* main.m */,
			);
			name = "Supporting Files";
			sourceTree = "<group>";
		};
		285BAE871F3AD6A600476F39 /* CAReplicatorLayerDemoTests */ = {
			isa = PBXGroup;
			children = (
				285BAE881F3AD6A600476F39 /* CAReplicatorLayerDemoTests.m */,
				285BAE8A1F3AD6A600476F39 /* Info.plist */,
			);
			path = CAReplicatorLayerDemoTests;
			sourceTree = "<group>";
		};
		285BAE921F3AD6A600476F39 /* CAReplicatorLayerDemoUITests */ = {
			isa = PBXGroup;
			children = (
				285BAE931F3AD6A600476F39 /* CAReplicatorLayerDemoUITests.m */,
				285BAE951F3AD6A600476F39 /* Info.plist */,
			);
			path = CAReplicatorLayerDemoUITests;
			sourceTree = "<group>";
		};
/* End PBXGroup section */

/* Begin PBXNativeTarget section */
		285BAE6A1F3AD6A600476F39 /* CAReplicatorLayerDemo */ = {
			isa = PBXNativeTarget;
			buildConfigurationList = 285BAE981F3AD6A600476F39 /* Build configuration list for PBXNativeTarget "CAReplicatorLayerDemo" */;
			buildPhases = (
				285BAE671F3AD6A600476F39 /* Sources */,
				285BAE681F3AD6A600476F39 /* Frameworks */,
				285BAE691F3AD6A600476F39 /* Resources */,
			);
			buildRules = (
			);
			dependencies = (
			);
			name = CAReplicatorLayerDemo;
			productName = CAReplicatorLayerDemo;
			productReference = 285BAE6B1F3AD6A600476F39 /* CAReplicatorLayerDemo.app */;
			productType = "com.apple.product-type.application";
		};
		285BAE831F3AD6A600476F39 /* CAReplicatorLayerDemoTests */ = {
			isa = PBXNativeTarget;
			buildConfigurationList = 285BAE9B1F3AD6A600476F39 /* Build configuration list for PBXNativeTarget "CAReplicatorLayerDemoTests" */;
			buildPhases = (
				285BAE801F3AD6A600476F39 /* Sources */,
				285BAE811F3AD6A600476F39 /* Frameworks */,
				285BAE821F3AD6A600476F39 /* Resources */,
			);
			buildRules = (
			);
			dependencies = (
				285BAE861F3AD6A600476F39 /* PBXTargetDependency */,
			);
			name = CAReplicatorLayerDemoTests;
			productName = CAReplicatorLayerDemoTests;
			productReference = 285BAE841F3AD6A600476F39 /* CAReplicatorLayerDemoTests.xctest */;
			productType = "com.apple.product-type.bundle.unit-test";
		};
		285BAE8E1F3AD6A600476F39 /* CAReplicatorLayerDemoUITests */ = {
			isa = PBXNativeTarget;
			buildConfigurationList = 285BAE9E1F3AD6A600476F39 /* Build configuration list for PBXNativeTarget "CAReplicatorLayerDemoUITests" */;
			buildPhases = (
				285BAE8B1F3AD6A600476F39 /* Sources */,
				285BAE8C1F3AD6A600476F39 /* Frameworks */,
				285BAE8D1F3AD6A600476F39 /* Resources */,
			);
			buildRules = (
			);
			dependencies = (
				285BAE911F3AD6A600476F39 /* PBXTargetDependency */,
			);
			name = CAReplicatorLayerDemoUITests;
			productName = CAReplicatorLayerDemoUITests;
			productReference = 285BAE8F1F3AD6A600476F39 /* CAReplicatorLayerDemoUITests.xctest */;
			productType = "com.apple.product-type.bundle.ui-testing";
		};
/* End PBXNativeTarget section */

/* Begin PBXProject section */
		285BAE631F3AD6A600476F39 /* Project object */ = {
			isa = PBXProject;
			attributes = {
				LastUpgradeCheck = 0830;
				ORGANIZATIONNAME = tianNanYiHao;
				TargetAttributes = {
					285BAE6A1F3AD6A600476F39 = {
						CreatedOnToolsVersion = 8.3.3;
						DevelopmentTeam = CYP2Q7U7L3;
						ProvisioningStyle = Manual;
					};
					285BAE831F3AD6A600476F39 = {
						CreatedOnToolsVersion = 8.3.3;
						DevelopmentTeam = CYP2Q7U7L3;
						ProvisioningStyle = Automatic;
						TestTargetID = 285BAE6A1F3AD6A600476F39;
					};
					285BAE8E1F3AD6A600476F39 = {
						CreatedOnToolsVersion = 8.3.3;
						DevelopmentTeam = CYP2Q7U7L3;
						ProvisioningStyle = Automatic;
						TestTargetID = 285BAE6A1F3AD6A600476F39;
					};
				};
			};
			buildConfigurationList = 285BAE661F3AD6A600476F39 /* Build configuration list for PBXProject "CAReplicatorLayerDemo" */;
			compatibilityVersion = "Xcode 3.2";
			developmentRegion = English;
			hasScannedForEncodings = 0;
			knownRegions = (
				en,
				Base,
			);
			mainGroup = 285BAE621F3AD6A600476F39;
			productRefGroup = 285BAE6C1F3AD6A600476F39 /* Products */;
			projectDirPath = "";
			projectRoot = "";
			targets = (
				285BAE6A1F3AD6A600476F39 /* CAReplicatorLayerDemo */,
				285BAE831F3AD6A600476F39 /* CAReplicatorLayerDemoTests */,
				285BAE8E1F3AD6A600476F39 /* CAReplicatorLayerDemoUITests */,
			);
		};
/* End PBXProject section */

/* Begin PBXResourcesBuildPhase section */
		285BAE691F3AD6A600476F39 /* Resources */ = {
			isa = PBXResourcesBuildPhase;
			buildActionMask = 2147483647;
			files = (
				285BAE7E1F3AD6A600476F39 /* LaunchScreen.storyboard in Resources */,
				285BAE7B1F3AD6A600476F39 /* Assets.xcassets in Resources */,
				285BAE791F3AD6A600476F39 /* Main.storyboard in Resources */,
				285BAEA51F3AE23A00476F39 /* 屏幕快照 2017-08-09 下午2.24.50.png in Resources */,
			);
			runOnlyForDeploymentPostprocessing = 0;
		};
		285BAE821F3AD6A600476F39 /* Resources */ = {
			isa = PBXResourcesBuildPhase;
			buildActionMask = 2147483647;
			files = (
			);
			runOnlyForDeploymentPostprocessing = 0;
		};
		285BAE8D1F3AD6A600476F39 /* Resources */ = {
			isa = PBXResourcesBuildPhase;
			buildActionMask = 2147483647;
			files = (
			);
			runOnlyForDeploymentPostprocessing = 0;
		};
/* End PBXResourcesBuildPhase section */

/* Begin PBXSourcesBuildPhase section */
		285BAE671F3AD6A600476F39 /* Sources */ = {
			isa = PBXSourcesBuildPhase;
			buildActionMask = 2147483647;
			files = (
				285BAE761F3AD6A600476F39 /* ViewController.m in Sources */,
				285BAEA31F3ADF0C00476F39 /* NextViewController.m in Sources */,
				285BAE731F3AD6A600476F39 /* AppDelegate.m in Sources */,
				285BAE701F3AD6A600476F39 /* main.m in Sources */,
			);
			runOnlyForDeploymentPostprocessing = 0;
		};
		285BAE801F3AD6A600476F39 /* Sources */ = {
			isa = PBXSourcesBuildPhase;
			buildActionMask = 2147483647;
			files = (
				285BAE891F3AD6A600476F39 /* CAReplicatorLayerDemoTests.m in Sources */,
			);
			runOnlyForDeploymentPostprocessing = 0;
		};
		285BAE8B1F3AD6A600476F39 /* Sources */ = {
			isa = PBXSourcesBuildPhase;
			buildActionMask = 2147483647;
			files = (
				285BAE941F3AD6A600476F39 /* CAReplicatorLayerDemoUITests.m in Sources */,
			);
			runOnlyForDeploymentPostprocessing = 0;
		};
/* End PBXSourcesBuildPhase section */

/* Begin PBXTargetDependency section */
		285BAE861F3AD6A600476F39 /* PBXTargetDependency */ = {
			isa = PBXTargetDependency;
			target = 285BAE6A1F3AD6A600476F39 /* CAReplicatorLayerDemo */;
			targetProxy = 285BAE851F3AD6A600476F39 /* PBXContainerItemProxy */;
		};
		285BAE911F3AD6A600476F39 /* PBXTargetDependency */ = {
			isa = PBXTargetDependency;
			target = 285BAE6A1F3AD6A600476F39 /* CAReplicatorLayerDemo */;
			targetProxy = 285BAE901F3AD6A600476F39 /* PBXContainerItemProxy */;
		};
/* End PBXTargetDependency section */

/* Begin PBXVariantGroup section */
		285BAE771F3AD6A600476F39 /* Main.storyboard */ = {
			isa = PBXVariantGroup;
			children = (
				285BAE781F3AD6A600476F39 /* Base */,
			);
			name = Main.storyboard;
			sourceTree = "<group>";
		};
		285BAE7C1F3AD6A600476F39 /* LaunchScreen.storyboard */ = {
			isa = PBXVariantGroup;
			children = (
				285BAE7D1F3AD6A600476F39 /* Base */,
			);
			name = LaunchScreen.storyboard;
			sourceTree = "<group>";
		};
/* End PBXVariantGroup section */

/* Begin XCBuildConfiguration section */
		285BAE961F3AD6A600476F39 /* Debug */ = {
			isa = XCBuildConfiguration;
			buildSettings = {
				ALWAYS_SEARCH_USER_PATHS = NO;
				CLANG_ANALYZER_NONNULL = YES;
				CLANG_ANALYZER_NUMBER_OBJECT_CONVERSION = YES_AGGRESSIVE;
				CLANG_CXX_LANGUAGE_STANDARD = "gnu++0x";
				CLANG_CXX_LIBRARY = "libc++";
				CLANG_ENABLE_MODULES = YES;
				CLANG_ENABLE_OBJC_ARC = YES;
				CLANG_WARN_BOOL_CONVERSION = YES;
				CLANG_WARN_CONSTANT_CONVERSION = YES;
				CLANG_WARN_DIRECT_OBJC_ISA_USAGE = YES_ERROR;
				CLANG_WARN_DOCUMENTATION_COMMENTS = YES;
				CLANG_WARN_EMPTY_BODY = YES;
				CLANG_WARN_ENUM_CONVERSION = YES;
				CLANG_WARN_INFINITE_RECURSION = YES;
				CLANG_WARN_INT_CONVERSION = YES;
				CLANG_WARN_OBJC_ROOT_CLASS = YES_ERROR;
				CLANG_WARN_SUSPICIOUS_MOVE = YES;
				CLANG_WARN_UNREACHABLE_CODE = YES;
				CLANG_WARN__DUPLICATE_METHOD_MATCH = YES;
				"CODE_SIGN_IDENTITY[sdk=iphoneos*]" = "iPhone Developer";
				COPY_PHASE_STRIP = NO;
				DEBUG_INFORMATION_FORMAT = dwarf;
				ENABLE_STRICT_OBJC_MSGSEND = YES;
				ENABLE_TESTABILITY = YES;
				GCC_C_LANGUAGE_STANDARD = gnu99;
				GCC_DYNAMIC_NO_PIC = NO;
				GCC_NO_COMMON_BLOCKS = YES;
				GCC_OPTIMIZATION_LEVEL = 0;
				GCC_PREPROCESSOR_DEFINITIONS = (
					"DEBUG=1",
					"$(inherited)",
				);
				GCC_WARN_64_TO_32_BIT_CONVERSION = YES;
				GCC_WARN_ABOUT_RETURN_TYPE = YES_ERROR;
				GCC_WARN_UNDECLARED_SELECTOR = YES;
				GCC_WARN_UNINITIALIZED_AUTOS = YES_AGGRESSIVE;
				GCC_WARN_UNUSED_FUNCTION = YES;
				GCC_WARN_UNUSED_VARIABLE = YES;
				IPHONEOS_DEPLOYMENT_TARGET = 10.3;
				MTL_ENABLE_DEBUG_INFO = YES;
				ONLY_ACTIVE_ARCH = YES;
				SDKROOT = iphoneos;
			};
			name = Debug;
		};
		285BAE971F3AD6A600476F39 /* Release */ = {
			isa = XCBuildConfiguration;
			buildSettings = {
				ALWAYS_SEARCH_USER_PATHS = NO;
				CLANG_ANALYZER_NONNULL = YES;
				CLANG_ANALYZER_NUMBER_OBJECT_CONVERSION = YES_AGGRESSIVE;
				CLANG_CXX_LANGUAGE_STANDARD = "gnu++0x";
				CLANG_CXX_LIBRARY = "libc++";
				CLANG_ENABLE_MODULES = YES;
				CLANG_ENABLE_OBJC_ARC = YES;
				CLANG_WARN_BOOL_CONVERSION = YES;
				CLANG_WARN_CONSTANT_CONVERSION = YES;
				CLANG_WARN_DIRECT_OBJC_ISA_USAGE = YES_ERROR;
				CLANG_WARN_DOCUMENTATION_COMMENTS = YES;
				CLANG_WARN_EMPTY_BODY = YES;
				CLANG_WARN_ENUM_CONVERSION = YES;
				CLANG_WARN_INFINITE_RECURSION = YES;
				CLANG_WARN_INT_CONVERSION = YES;
				CLANG_WARN_OBJC_ROOT_CLASS = YES_ERROR;
				CLANG_WARN_SUSPICIOUS_MOVE = YES;
				CLANG_WARN_UNREACHABLE_CODE = YES;
				CLANG_WARN__DUPLICATE_METHOD_MATCH = YES;
				"CODE_SIGN_IDENTITY[sdk=iphoneos*]" = "iPhone Developer";
				COPY_PHASE_STRIP = NO;
				DEBUG_INFORMATION_FORMAT = "dwarf-with-dsym";
				ENABLE_NS_ASSERTIONS = NO;
				ENABLE_STRICT_OBJC_MSGSEND = YES;
				GCC_C_LANGUAGE_STANDARD = gnu99;
				GCC_NO_COMMON_BLOCKS = YES;
				GCC_WARN_64_TO_32_BIT_CONVERSION = YES;
				GCC_WARN_ABOUT_RETURN_TYPE = YES_ERROR;
				GCC_WARN_UNDECLARED_SELECTOR = YES;
				GCC_WARN_UNINITIALIZED_AUTOS = YES_AGGRESSIVE;
				GCC_WARN_UNUSED_FUNCTION = YES;
				GCC_WARN_UNUSED_VARIABLE = YES;
				IPHONEOS_DEPLOYMENT_TARGET = 10.3;
				MTL_ENABLE_DEBUG_INFO = NO;
				SDKROOT = iphoneos;
				VALIDATE_PRODUCT = YES;
			};
			name = Release;
		};
		285BAE991F3AD6A600476F39 /* Debug */ = {
			isa = XCBuildConfiguration;
			buildSettings = {
				ASSETCATALOG_COMPILER_APPICON_NAME = AppIcon;
				DEVELOPMENT_TEAM = CYP2Q7U7L3;
				INFOPLIST_FILE = CAReplicatorLayerDemo/Info.plist;
				IPHONEOS_DEPLOYMENT_TARGET = 8.0;
				LD_RUNPATH_SEARCH_PATHS = "$(inherited) @executable_path/Frameworks";
				PRODUCT_BUNDLE_IDENTIFIER = com.sand.CAReplicatorLayerDemo;
				PRODUCT_NAME = "$(TARGET_NAME)";
				PROVISIONING_PROFILE = "73efab6a-7320-4923-a8c9-adbce51b0540";
				PROVISIONING_PROFILE_SPECIFIER = sandComm_Dev_Profile;
			};
			name = Debug;
		};
		285BAE9A1F3AD6A600476F39 /* Release */ = {
			isa = XCBuildConfiguration;
			buildSettings = {
				ASSETCATALOG_COMPILER_APPICON_NAME = AppIcon;
				DEVELOPMENT_TEAM = CYP2Q7U7L3;
				INFOPLIST_FILE = CAReplicatorLayerDemo/Info.plist;
				IPHONEOS_DEPLOYMENT_TARGET = 8.0;
				LD_RUNPATH_SEARCH_PATHS = "$(inherited) @executable_path/Frameworks";
				PRODUCT_BUNDLE_IDENTIFIER = com.sand.CAReplicatorLayerDemo;
				PRODUCT_NAME = "$(TARGET_NAME)";
				PROVISIONING_PROFILE = "73efab6a-7320-4923-a8c9-adbce51b0540";
				PROVISIONING_PROFILE_SPECIFIER = sandComm_Dev_Profile;
			};
			name = Release;
		};
		285BAE9C1F3AD6A600476F39 /* Debug */ = {
			isa = XCBuildConfiguration;
			buildSettings = {
				BUNDLE_LOADER = "$(TEST_HOST)";
				DEVELOPMENT_TEAM = CYP2Q7U7L3;
				INFOPLIST_FILE = CAReplicatorLayerDemoTests/Info.plist;
				LD_RUNPATH_SEARCH_PATHS = "$(inherited) @executable_path/Frameworks @loader_path/Frameworks";
				PRODUCT_BUNDLE_IDENTIFIER = com.sand.CAReplicatorLayerDemoTests;
				PRODUCT_NAME = "$(TARGET_NAME)";
				TEST_HOST = "$(BUILT_PRODUCTS_DIR)/CAReplicatorLayerDemo.app/CAReplicatorLayerDemo";
			};
			name = Debug;
		};
		285BAE9D1F3AD6A600476F39 /* Release */ = {
			isa = XCBuildConfiguration;
			buildSettings = {
				BUNDLE_LOADER = "$(TEST_HOST)";
				DEVELOPMENT_TEAM = CYP2Q7U7L3;
				INFOPLIST_FILE = CAReplicatorLayerDemoTests/Info.plist;
				LD_RUNPATH_SEARCH_PATHS = "$(inherited) @executable_path/Frameworks @loader_path/Frameworks";
				PRODUCT_BUNDLE_IDENTIFIER = com.sand.CAReplicatorLayerDemoTests;
				PRODUCT_NAME = "$(TARGET_NAME)";
				TEST_HOST = "$(BUILT_PRODUCTS_DIR)/CAReplicatorLayerDemo.app/CAReplicatorLayerDemo";
			};
			name = Release;
		};
		285BAE9F1F3AD6A600476F39 /* Debug */ = {
			isa = XCBuildConfiguration;
			buildSettings = {
				DEVELOPMENT_TEAM = CYP2Q7U7L3;
				INFOPLIST_FILE = CAReplicatorLayerDemoUITests/Info.plist;
				LD_RUNPATH_SEARCH_PATHS = "$(inherited) @executable_path/Frameworks @loader_path/Frameworks";
				PRODUCT_BUNDLE_IDENTIFIER = com.sand.CAReplicatorLayerDemoUITests;
				PRODUCT_NAME = "$(TARGET_NAME)";
				TEST_TARGET_NAME = CAReplicatorLayerDemo;
			};
			name = Debug;
		};
		285BAEA01F3AD6A600476F39 /* Release */ = {
			isa = XCBuildConfiguration;
			buildSettings = {
				DEVELOPMENT_TEAM = CYP2Q7U7L3;
				INFOPLIST_FILE = CAReplicatorLayerDemoUITests/Info.plist;
				LD_RUNPATH_SEARCH_PATHS = "$(inherited) @executable_path/Frameworks @loader_path/Frameworks";
				PRODUCT_BUNDLE_IDENTIFIER = com.sand.CAReplicatorLayerDemoUITests;
				PRODUCT_NAME = "$(TARGET_NAME)";
				TEST_TARGET_NAME = CAReplicatorLayerDemo;
			};
			name = Release;
		};
/* End XCBuildConfiguration section */

/* Begin XCConfigurationList section */
		285BAE661F3AD6A600476F39 /* Build configuration list for PBXProject "CAReplicatorLayerDemo" */ = {
			isa = XCConfigurationList;
			buildConfigurations = (
				285BAE961F3AD6A600476F39 /* Debug */,
				285BAE971F3AD6A600476F39 /* Release */,
			);
			defaultConfigurationIsVisible = 0;
			defaultConfigurationName = Release;
		};
		285BAE981F3AD6A600476F39 /* Build configuration list for PBXNativeTarget "CAReplicatorLayerDemo" */ = {
			isa = XCConfigurationList;
			buildConfigurations = (
				285BAE991F3AD6A600476F39 /* Debug */,
				285BAE9A1F3AD6A600476F39 /* Release */,
			);
			defaultConfigurationIsVisible = 0;
		};
		285BAE9B1F3AD6A600476F39 /* Build configuration list for PBXNativeTarget "CAReplicatorLayerDemoTests" */ = {
			isa = XCConfigurationList;
			buildConfigurations = (
				285BAE9C1F3AD6A600476F39 /* Debug */,
				285BAE9D1F3AD6A600476F39 /* Release */,
			);
			defaultConfigurationIsVisible = 0;
		};
		285BAE9E1F3AD6A600476F39 /* Build configuration list for PBXNativeTarget "CAReplicatorLayerDemoUITests" */ = {
			isa = XCConfigurationList;
			buildConfigurations = (
				285BAE9F1F3AD6A600476F39 /* Debug */,
				285BAEA01F3AD6A600476F39 /* Release */,
			);
			defaultConfigurationIsVisible = 0;
		};
/* End XCConfigurationList section */
	};
	rootObject = 285BAE631F3AD6A600476F39 /* Project object */;
}
