// !$*UTF8*$!
{
	archiveVersion = 1;
	classes = {
	};
	objectVersion = 46;
	objects = {

/* Begin PBXBuildFile section */
		28574CEF1F5005950003090D /* main.m in Sources */ = {isa = PBXBuildFile; fileRef = 28574CEE1F5005950003090D /* main.m */; };
		28574CF21F5005950003090D /* AppDelegate.m in Sources */ = {isa = PBXBuildFile; fileRef = 28574CF11F5005950003090D /* AppDelegate.m */; };
		28574CF51F5005950003090D /* ViewController.m in Sources */ = {isa = PBXBuildFile; fileRef = 28574CF41F5005950003090D /* ViewController.m */; };
		28574CF81F5005950003090D /* Main.storyboard in Resources */ = {isa = PBXBuildFile; fileRef = 28574CF61F5005950003090D /* Main.storyboard */; };
		28574CFA1F5005950003090D /* Assets.xcassets in Resources */ = {isa = PBXBuildFile; fileRef = 28574CF91F5005950003090D /* Assets.xcassets */; };
		28574CFD1F5005950003090D /* LaunchScreen.storyboard in Resources */ = {isa = PBXBuildFile; fileRef = 28574CFB1F5005950003090D /* LaunchScreen.storyboard */; };
		28574D081F5005960003090D /* SDWaveAnimationViewTests.m in Sources */ = {isa = PBXBuildFile; fileRef = 28574D071F5005960003090D /* SDWaveAnimationViewTests.m */; };
		28574D131F5005960003090D /* SDWaveAnimationViewUITests.m in Sources */ = {isa = PBXBuildFile; fileRef = 28574D121F5005960003090D /* SDWaveAnimationViewUITests.m */; };
		28B86F53202412FA0068BFDF /* SDWaveViwe.m in Sources */ = {isa = PBXBuildFile; fileRef = 28B86F52202412FA0068BFDF /* SDWaveViwe.m */; };
/* End PBXBuildFile section */

/* Begin PBXContainerItemProxy section */
		28574D041F5005960003090D /* PBXContainerItemProxy */ = {
			isa = PBXContainerItemProxy;
			containerPortal = 28574CE21F5005950003090D /* Project object */;
			proxyType = 1;
			remoteGlobalIDString = 28574CE91F5005950003090D;
			remoteInfo = SDWaveAnimationView;
		};
		28574D0F1F5005960003090D /* PBXContainerItemProxy */ = {
			isa = PBXContainerItemProxy;
			containerPortal = 28574CE21F5005950003090D /* Project object */;
			proxyType = 1;
			remoteGlobalIDString = 28574CE91F5005950003090D;
			remoteInfo = SDWaveAnimationView;
		};
/* End PBXContainerItemProxy section */

/* Begin PBXFileReference section */
		28574CEA1F5005950003090D /* SDWaveAnimationView.app */ = {isa = PBXFileReference; explicitFileType = wrapper.application; includeInIndex = 0; path = SDWaveAnimationView.app; sourceTree = BUILT_PRODUCTS_DIR; };
		28574CEE1F5005950003090D /* main.m */ = {isa = PBXFileReference; lastKnownFileType = sourcecode.c.objc; path = main.m; sourceTree = "<group>"; };
		28574CF01F5005950003090D /* AppDelegate.h */ = {isa = PBXFileReference; lastKnownFileType = sourcecode.c.h; path = AppDelegate.h; sourceTree = "<group>"; };
		28574CF11F5005950003090D /* AppDelegate.m */ = {isa = PBXFileReference; lastKnownFileType = sourcecode.c.objc; path = AppDelegate.m; sourceTree = "<group>"; };
		28574CF31F5005950003090D /* ViewController.h */ = {isa = PBXFileReference; lastKnownFileType = sourcecode.c.h; path = ViewController.h; sourceTree = "<group>"; };
		28574CF41F5005950003090D /* ViewController.m */ = {isa = PBXFileReference; lastKnownFileType = sourcecode.c.objc; path = ViewController.m; sourceTree = "<group>"; };
		28574CF71F5005950003090D /* Base */ = {isa = PBXFileReference; lastKnownFileType = file.storyboard; name = Base; path = Base.lproj/Main.storyboard; sourceTree = "<group>"; };
		28574CF91F5005950003090D /* Assets.xcassets */ = {isa = PBXFileReference; lastKnownFileType = folder.assetcatalog; path = Assets.xcassets; sourceTree = "<group>"; };
		28574CFC1F5005950003090D /* Base */ = {isa = PBXFileReference; lastKnownFileType = file.storyboard; name = Base; path = Base.lproj/LaunchScreen.storyboard; sourceTree = "<group>"; };
		28574CFE1F5005960003090D /* Info.plist */ = {isa = PBXFileReference; lastKnownFileType = text.plist.xml; path = Info.plist; sourceTree = "<group>"; };
		28574D031F5005960003090D /* SDWaveAnimationViewTests.xctest */ = {isa = PBXFileReference; explicitFileType = wrapper.cfbundle; includeInIndex = 0; path = SDWaveAnimationViewTests.xctest; sourceTree = BUILT_PRODUCTS_DIR; };
		28574D071F5005960003090D /* SDWaveAnimationViewTests.m */ = {isa = PBXFileReference; lastKnownFileType = sourcecode.c.objc; path = SDWaveAnimationViewTests.m; sourceTree = "<group>"; };
		28574D091F5005960003090D /* Info.plist */ = {isa = PBXFileReference; lastKnownFileType = text.plist.xml; path = Info.plist; sourceTree = "<group>"; };
		28574D0E1F5005960003090D /* SDWaveAnimationViewUITests.xctest */ = {isa = PBXFileReference; explicitFileType = wrapper.cfbundle; includeInIndex = 0; path = SDWaveAnimationViewUITests.xctest; sourceTree = BUILT_PRODUCTS_DIR; };
		28574D121F5005960003090D /* SDWaveAnimationViewUITests.m */ = {isa = PBXFileReference; lastKnownFileType = sourcecode.c.objc; path = SDWaveAnimationViewUITests.m; sourceTree = "<group>"; };
		28574D141F5005960003090D /* Info.plist */ = {isa = PBXFileReference; lastKnownFileType = text.plist.xml; path = Info.plist; sourceTree = "<group>"; };
		28B86F51202412FA0068BFDF /* SDWaveViwe.h */ = {isa = PBXFileReference; fileEncoding = 4; lastKnownFileType = sourcecode.c.h; path = SDWaveViwe.h; sourceTree = "<group>"; };
		28B86F52202412FA0068BFDF /* SDWaveViwe.m */ = {isa = PBXFileReference; fileEncoding = 4; lastKnownFileType = sourcecode.c.objc; path = SDWaveViwe.m; sourceTree = "<group>"; };
/* End PBXFileReference section */

/* Begin PBXFrameworksBuildPhase section */
		28574CE71F5005950003090D /* Frameworks */ = {
			isa = PBXFrameworksBuildPhase;
			buildActionMask = 2147483647;
			files = (
			);
			runOnlyForDeploymentPostprocessing = 0;
		};
		28574D001F5005960003090D /* Frameworks */ = {
			isa = PBXFrameworksBuildPhase;
			buildActionMask = 2147483647;
			files = (
			);
			runOnlyForDeploymentPostprocessing = 0;
		};
		28574D0B1F5005960003090D /* Frameworks */ = {
			isa = PBXFrameworksBuildPhase;
			buildActionMask = 2147483647;
			files = (
			);
			runOnlyForDeploymentPostprocessing = 0;
		};
/* End PBXFrameworksBuildPhase section */

/* Begin PBXGroup section */
		28574CE11F5005950003090D = {
			isa = PBXGroup;
			children = (
				28574CEC1F5005950003090D /* SDWaveAnimationView */,
				28574D061F5005960003090D /* SDWaveAnimationViewTests */,
				28574D111F5005960003090D /* SDWaveAnimationViewUITests */,
				28574CEB1F5005950003090D /* Products */,
			);
			sourceTree = "<group>";
		};
		28574CEB1F5005950003090D /* Products */ = {
			isa = PBXGroup;
			children = (
				28574CEA1F5005950003090D /* SDWaveAnimationView.app */,
				28574D031F5005960003090D /* SDWaveAnimationViewTests.xctest */,
				28574D0E1F5005960003090D /* SDWaveAnimationViewUITests.xctest */,
			);
			name = Products;
			sourceTree = "<group>";
		};
		28574CEC1F5005950003090D /* SDWaveAnimationView */ = {
			isa = PBXGroup;
			children = (
				28B86F50202412FA0068BFDF /* SDWaveAnimationView */,
				28574CF01F5005950003090D /* AppDelegate.h */,
				28574CF11F5005950003090D /* AppDelegate.m */,
				28574CF31F5005950003090D /* ViewController.h */,
				28574CF41F5005950003090D /* ViewController.m */,
				28574CF61F5005950003090D /* Main.storyboard */,
				28574CF91F5005950003090D /* Assets.xcassets */,
				28574CFB1F5005950003090D /* LaunchScreen.storyboard */,
				28574CFE1F5005960003090D /* Info.plist */,
				28574CED1F5005950003090D /* Supporting Files */,
			);
			path = SDWaveAnimationView;
			sourceTree = "<group>";
		};
		28574CED1F5005950003090D /* Supporting Files */ = {
			isa = PBXGroup;
			children = (
				28574CEE1F5005950003090D /* main.m */,
			);
			name = "Supporting Files";
			sourceTree = "<group>";
		};
		28574D061F5005960003090D /* SDWaveAnimationViewTests */ = {
			isa = PBXGroup;
			children = (
				28574D071F5005960003090D /* SDWaveAnimationViewTests.m */,
				28574D091F5005960003090D /* Info.plist */,
			);
			path = SDWaveAnimationViewTests;
			sourceTree = "<group>";
		};
		28574D111F5005960003090D /* SDWaveAnimationViewUITests */ = {
			isa = PBXGroup;
			children = (
				28574D121F5005960003090D /* SDWaveAnimationViewUITests.m */,
				28574D141F5005960003090D /* Info.plist */,
			);
			path = SDWaveAnimationViewUITests;
			sourceTree = "<group>";
		};
		28B86F50202412FA0068BFDF /* SDWaveAnimationView */ = {
			isa = PBXGroup;
			children = (
				28B86F51202412FA0068BFDF /* SDWaveViwe.h */,
				28B86F52202412FA0068BFDF /* SDWaveViwe.m */,
			);
			path = SDWaveAnimationView;
			sourceTree = "<group>";
		};
/* End PBXGroup section */

/* Begin PBXNativeTarget section */
		28574CE91F5005950003090D /* SDWaveAnimationView */ = {
			isa = PBXNativeTarget;
			buildConfigurationList = 28574D171F5005960003090D /* Build configuration list for PBXNativeTarget "SDWaveAnimationView" */;
			buildPhases = (
				28574CE61F5005950003090D /* Sources */,
				28574CE71F5005950003090D /* Frameworks */,
				28574CE81F5005950003090D /* Resources */,
			);
			buildRules = (
			);
			dependencies = (
			);
			name = SDWaveAnimationView;
			productName = SDWaveAnimationView;
			productReference = 28574CEA1F5005950003090D /* SDWaveAnimationView.app */;
			productType = "com.apple.product-type.application";
		};
		28574D021F5005960003090D /* SDWaveAnimationViewTests */ = {
			isa = PBXNativeTarget;
			buildConfigurationList = 28574D1A1F5005960003090D /* Build configuration list for PBXNativeTarget "SDWaveAnimationViewTests" */;
			buildPhases = (
				28574CFF1F5005960003090D /* Sources */,
				28574D001F5005960003090D /* Frameworks */,
				28574D011F5005960003090D /* Resources */,
			);
			buildRules = (
			);
			dependencies = (
				28574D051F5005960003090D /* PBXTargetDependency */,
			);
			name = SDWaveAnimationViewTests;
			productName = SDWaveAnimationViewTests;
			productReference = 28574D031F5005960003090D /* SDWaveAnimationViewTests.xctest */;
			productType = "com.apple.product-type.bundle.unit-test";
		};
		28574D0D1F5005960003090D /* SDWaveAnimationViewUITests */ = {
			isa = PBXNativeTarget;
			buildConfigurationList = 28574D1D1F5005960003090D /* Build configuration list for PBXNativeTarget "SDWaveAnimationViewUITests" */;
			buildPhases = (
				28574D0A1F5005960003090D /* Sources */,
				28574D0B1F5005960003090D /* Frameworks */,
				28574D0C1F5005960003090D /* Resources */,
			);
			buildRules = (
			);
			dependencies = (
				28574D101F5005960003090D /* PBXTargetDependency */,
			);
			name = SDWaveAnimationViewUITests;
			productName = SDWaveAnimationViewUITests;
			productReference = 28574D0E1F5005960003090D /* SDWaveAnimationViewUITests.xctest */;
			productType = "com.apple.product-type.bundle.ui-testing";
		};
/* End PBXNativeTarget section */

/* Begin PBXProject section */
		28574CE21F5005950003090D /* Project object */ = {
			isa = PBXProject;
			attributes = {
				LastUpgradeCheck = 0830;
				ORGANIZATIONNAME = tianNanYiHao;
				TargetAttributes = {
					28574CE91F5005950003090D = {
						CreatedOnToolsVersion = 8.3.3;
						DevelopmentTeam = CYP2Q7U7L3;
						ProvisioningStyle = Automatic;
					};
					28574D021F5005960003090D = {
						CreatedOnToolsVersion = 8.3.3;
						DevelopmentTeam = CYP2Q7U7L3;
						ProvisioningStyle = Automatic;
						TestTargetID = 28574CE91F5005950003090D;
					};
					28574D0D1F5005960003090D = {
						CreatedOnToolsVersion = 8.3.3;
						DevelopmentTeam = CYP2Q7U7L3;
						ProvisioningStyle = Automatic;
						TestTargetID = 28574CE91F5005950003090D;
					};
				};
			};
			buildConfigurationList = 28574CE51F5005950003090D /* Build configuration list for PBXProject "SDWaveAnimationView" */;
			compatibilityVersion = "Xcode 3.2";
			developmentRegion = English;
			hasScannedForEncodings = 0;
			knownRegions = (
				en,
				Base,
			);
			mainGroup = 28574CE11F5005950003090D;
			productRefGroup = 28574CEB1F5005950003090D /* Products */;
			projectDirPath = "";
			projectRoot = "";
			targets = (
				28574CE91F5005950003090D /* SDWaveAnimationView */,
				28574D021F5005960003090D /* SDWaveAnimationViewTests */,
				28574D0D1F5005960003090D /* SDWaveAnimationViewUITests */,
			);
		};
/* End PBXProject section */

/* Begin PBXResourcesBuildPhase section */
		28574CE81F5005950003090D /* Resources */ = {
			isa = PBXResourcesBuildPhase;
			buildActionMask = 2147483647;
			files = (
				28574CFD1F5005950003090D /* LaunchScreen.storyboard in Resources */,
				28574CFA1F5005950003090D /* Assets.xcassets in Resources */,
				28574CF81F5005950003090D /* Main.storyboard in Resources */,
			);
			runOnlyForDeploymentPostprocessing = 0;
		};
		28574D011F5005960003090D /* Resources */ = {
			isa = PBXResourcesBuildPhase;
			buildActionMask = 2147483647;
			files = (
			);
			runOnlyForDeploymentPostprocessing = 0;
		};
		28574D0C1F5005960003090D /* Resources */ = {
			isa = PBXResourcesBuildPhase;
			buildActionMask = 2147483647;
			files = (
			);
			runOnlyForDeploymentPostprocessing = 0;
		};
/* End PBXResourcesBuildPhase section */

/* Begin PBXSourcesBuildPhase section */
		28574CE61F5005950003090D /* Sources */ = {
			isa = PBXSourcesBuildPhase;
			buildActionMask = 2147483647;
			files = (
				28B86F53202412FA0068BFDF /* SDWaveViwe.m in Sources */,
				28574CF51F5005950003090D /* ViewController.m in Sources */,
				28574CF21F5005950003090D /* AppDelegate.m in Sources */,
				28574CEF1F5005950003090D /* main.m in Sources */,
			);
			runOnlyForDeploymentPostprocessing = 0;
		};
		28574CFF1F5005960003090D /* Sources */ = {
			isa = PBXSourcesBuildPhase;
			buildActionMask = 2147483647;
			files = (
				28574D081F5005960003090D /* SDWaveAnimationViewTests.m in Sources */,
			);
			runOnlyForDeploymentPostprocessing = 0;
		};
		28574D0A1F5005960003090D /* Sources */ = {
			isa = PBXSourcesBuildPhase;
			buildActionMask = 2147483647;
			files = (
				28574D131F5005960003090D /* SDWaveAnimationViewUITests.m in Sources */,
			);
			runOnlyForDeploymentPostprocessing = 0;
		};
/* End PBXSourcesBuildPhase section */

/* Begin PBXTargetDependency section */
		28574D051F5005960003090D /* PBXTargetDependency */ = {
			isa = PBXTargetDependency;
			target = 28574CE91F5005950003090D /* SDWaveAnimationView */;
			targetProxy = 28574D041F5005960003090D /* PBXContainerItemProxy */;
		};
		28574D101F5005960003090D /* PBXTargetDependency */ = {
			isa = PBXTargetDependency;
			target = 28574CE91F5005950003090D /* SDWaveAnimationView */;
			targetProxy = 28574D0F1F5005960003090D /* PBXContainerItemProxy */;
		};
/* End PBXTargetDependency section */

/* Begin PBXVariantGroup section */
		28574CF61F5005950003090D /* Main.storyboard */ = {
			isa = PBXVariantGroup;
			children = (
				28574CF71F5005950003090D /* Base */,
			);
			name = Main.storyboard;
			sourceTree = "<group>";
		};
		28574CFB1F5005950003090D /* LaunchScreen.storyboard */ = {
			isa = PBXVariantGroup;
			children = (
				28574CFC1F5005950003090D /* Base */,
			);
			name = LaunchScreen.storyboard;
			sourceTree = "<group>";
		};
/* End PBXVariantGroup section */

/* Begin XCBuildConfiguration section */
		28574D151F5005960003090D /* Debug */ = {
			isa = XCBuildConfiguration;
			buildSettings = {
				ALWAYS_SEARCH_USER_PATHS = NO;
				CLANG_ANALYZER_NONNULL = YES;
				CLANG_ANALYZER_NUMBER_OBJECT_CONVERSION = YES_AGGRESSIVE;
				CLANG_CXX_LANGUAGE_STANDARD = "gnu++0x";
				CLANG_CXX_LIBRARY = "libc++";
				CLANG_ENABLE_MODULES = YES;
				CLANG_ENABLE_OBJC_ARC = YES;
				CLANG_WARN_BOOL_CONVERSION = YES;
				CLANG_WARN_CONSTANT_CONVERSION = YES;
				CLANG_WARN_DIRECT_OBJC_ISA_USAGE = YES_ERROR;
				CLANG_WARN_DOCUMENTATION_COMMENTS = YES;
				CLANG_WARN_EMPTY_BODY = YES;
				CLANG_WARN_ENUM_CONVERSION = YES;
				CLANG_WARN_INFINITE_RECURSION = YES;
				CLANG_WARN_INT_CONVERSION = YES;
				CLANG_WARN_OBJC_ROOT_CLASS = YES_ERROR;
				CLANG_WARN_SUSPICIOUS_MOVE = YES;
				CLANG_WARN_UNREACHABLE_CODE = YES;
				CLANG_WARN__DUPLICATE_METHOD_MATCH = YES;
				"CODE_SIGN_IDENTITY[sdk=iphoneos*]" = "iPhone Developer";
				COPY_PHASE_STRIP = NO;
				DEBUG_INFORMATION_FORMAT = dwarf;
				ENABLE_STRICT_OBJC_MSGSEND = YES;
				ENABLE_TESTABILITY = YES;
				GCC_C_LANGUAGE_STANDARD = gnu99;
				GCC_DYNAMIC_NO_PIC = NO;
				GCC_NO_COMMON_BLOCKS = YES;
				GCC_OPTIMIZATION_LEVEL = 0;
				GCC_PREPROCESSOR_DEFINITIONS = (
					"DEBUG=1",
					"$(inherited)",
				);
				GCC_WARN_64_TO_32_BIT_CONVERSION = YES;
				GCC_WARN_ABOUT_RETURN_TYPE = YES_ERROR;
				GCC_WARN_UNDECLARED_SELECTOR = YES;
				GCC_WARN_UNINITIALIZED_AUTOS = YES_AGGRESSIVE;
				GCC_WARN_UNUSED_FUNCTION = YES;
				GCC_WARN_UNUSED_VARIABLE = YES;
				IPHONEOS_DEPLOYMENT_TARGET = 10.3;
				MTL_ENABLE_DEBUG_INFO = YES;
				ONLY_ACTIVE_ARCH = YES;
				SDKROOT = iphoneos;
			};
			name = Debug;
		};
		28574D161F5005960003090D /* Release */ = {
			isa = XCBuildConfiguration;
			buildSettings = {
				ALWAYS_SEARCH_USER_PATHS = NO;
				CLANG_ANALYZER_NONNULL = YES;
				CLANG_ANALYZER_NUMBER_OBJECT_CONVERSION = YES_AGGRESSIVE;
				CLANG_CXX_LANGUAGE_STANDARD = "gnu++0x";
				CLANG_CXX_LIBRARY = "libc++";
				CLANG_ENABLE_MODULES = YES;
				CLANG_ENABLE_OBJC_ARC = YES;
				CLANG_WARN_BOOL_CONVERSION = YES;
				CLANG_WARN_CONSTANT_CONVERSION = YES;
				CLANG_WARN_DIRECT_OBJC_ISA_USAGE = YES_ERROR;
				CLANG_WARN_DOCUMENTATION_COMMENTS = YES;
				CLANG_WARN_EMPTY_BODY = YES;
				CLANG_WARN_ENUM_CONVERSION = YES;
				CLANG_WARN_INFINITE_RECURSION = YES;
				CLANG_WARN_INT_CONVERSION = YES;
				CLANG_WARN_OBJC_ROOT_CLASS = YES_ERROR;
				CLANG_WARN_SUSPICIOUS_MOVE = YES;
				CLANG_WARN_UNREACHABLE_CODE = YES;
				CLANG_WARN__DUPLICATE_METHOD_MATCH = YES;
				"CODE_SIGN_IDENTITY[sdk=iphoneos*]" = "iPhone Developer";
				COPY_PHASE_STRIP = NO;
				DEBUG_INFORMATION_FORMAT = "dwarf-with-dsym";
				ENABLE_NS_ASSERTIONS = NO;
				ENABLE_STRICT_OBJC_MSGSEND = YES;
				GCC_C_LANGUAGE_STANDARD = gnu99;
				GCC_NO_COMMON_BLOCKS = YES;
				GCC_WARN_64_TO_32_BIT_CONVERSION = YES;
				GCC_WARN_ABOUT_RETURN_TYPE = YES_ERROR;
				GCC_WARN_UNDECLARED_SELECTOR = YES;
				GCC_WARN_UNINITIALIZED_AUTOS = YES_AGGRESSIVE;
				GCC_WARN_UNUSED_FUNCTION = YES;
				GCC_WARN_UNUSED_VARIABLE = YES;
				IPHONEOS_DEPLOYMENT_TARGET = 10.3;
				MTL_ENABLE_DEBUG_INFO = NO;
				SDKROOT = iphoneos;
				VALIDATE_PRODUCT = YES;
			};
			name = Release;
		};
		28574D181F5005960003090D /* Debug */ = {
			isa = XCBuildConfiguration;
			buildSettings = {
				ASSETCATALOG_COMPILER_APPICON_NAME = AppIcon;
				DEVELOPMENT_TEAM = CYP2Q7U7L3;
				INFOPLIST_FILE = SDWaveAnimationView/Info.plist;
				IPHONEOS_DEPLOYMENT_TARGET = 8.0;
				LD_RUNPATH_SEARCH_PATHS = "$(inherited) @executable_path/Frameworks";
				PRODUCT_BUNDLE_IDENTIFIER = com.sand.SDWaveAnimationView;
				PRODUCT_NAME = "$(TARGET_NAME)";
			};
			name = Debug;
		};
		28574D191F5005960003090D /* Release */ = {
			isa = XCBuildConfiguration;
			buildSettings = {
				ASSETCATALOG_COMPILER_APPICON_NAME = AppIcon;
				DEVELOPMENT_TEAM = CYP2Q7U7L3;
				INFOPLIST_FILE = SDWaveAnimationView/Info.plist;
				IPHONEOS_DEPLOYMENT_TARGET = 8.0;
				LD_RUNPATH_SEARCH_PATHS = "$(inherited) @executable_path/Frameworks";
				PRODUCT_BUNDLE_IDENTIFIER = com.sand.SDWaveAnimationView;
				PRODUCT_NAME = "$(TARGET_NAME)";
			};
			name = Release;
		};
		28574D1B1F5005960003090D /* Debug */ = {
			isa = XCBuildConfiguration;
			buildSettings = {
				BUNDLE_LOADER = "$(TEST_HOST)";
				DEVELOPMENT_TEAM = CYP2Q7U7L3;
				INFOPLIST_FILE = SDWaveAnimationViewTests/Info.plist;
				LD_RUNPATH_SEARCH_PATHS = "$(inherited) @executable_path/Frameworks @loader_path/Frameworks";
				PRODUCT_BUNDLE_IDENTIFIER = com.sand.SDWaveAnimationViewTests;
				PRODUCT_NAME = "$(TARGET_NAME)";
				TEST_HOST = "$(BUILT_PRODUCTS_DIR)/SDWaveAnimationView.app/SDWaveAnimationView";
			};
			name = Debug;
		};
		28574D1C1F5005960003090D /* Release */ = {
			isa = XCBuildConfiguration;
			buildSettings = {
				BUNDLE_LOADER = "$(TEST_HOST)";
				DEVELOPMENT_TEAM = CYP2Q7U7L3;
				INFOPLIST_FILE = SDWaveAnimationViewTests/Info.plist;
				LD_RUNPATH_SEARCH_PATHS = "$(inherited) @executable_path/Frameworks @loader_path/Frameworks";
				PRODUCT_BUNDLE_IDENTIFIER = com.sand.SDWaveAnimationViewTests;
				PRODUCT_NAME = "$(TARGET_NAME)";
				TEST_HOST = "$(BUILT_PRODUCTS_DIR)/SDWaveAnimationView.app/SDWaveAnimationView";
			};
			name = Release;
		};
		28574D1E1F5005960003090D /* Debug */ = {
			isa = XCBuildConfiguration;
			buildSettings = {
				DEVELOPMENT_TEAM = CYP2Q7U7L3;
				INFOPLIST_FILE = SDWaveAnimationViewUITests/Info.plist;
				LD_RUNPATH_SEARCH_PATHS = "$(inherited) @executable_path/Frameworks @loader_path/Frameworks";
				PRODUCT_BUNDLE_IDENTIFIER = com.sand.SDWaveAnimationViewUITests;
				PRODUCT_NAME = "$(TARGET_NAME)";
				TEST_TARGET_NAME = SDWaveAnimationView;
			};
			name = Debug;
		};
		28574D1F1F5005960003090D /* Release */ = {
			isa = XCBuildConfiguration;
			buildSettings = {
				DEVELOPMENT_TEAM = CYP2Q7U7L3;
				INFOPLIST_FILE = SDWaveAnimationViewUITests/Info.plist;
				LD_RUNPATH_SEARCH_PATHS = "$(inherited) @executable_path/Frameworks @loader_path/Frameworks";
				PRODUCT_BUNDLE_IDENTIFIER = com.sand.SDWaveAnimationViewUITests;
				PRODUCT_NAME = "$(TARGET_NAME)";
				TEST_TARGET_NAME = SDWaveAnimationView;
			};
			name = Release;
		};
/* End XCBuildConfiguration section */

/* Begin XCConfigurationList section */
		28574CE51F5005950003090D /* Build configuration list for PBXProject "SDWaveAnimationView" */ = {
			isa = XCConfigurationList;
			buildConfigurations = (
				28574D151F5005960003090D /* Debug */,
				28574D161F5005960003090D /* Release */,
			);
			defaultConfigurationIsVisible = 0;
			defaultConfigurationName = Release;
		};
		28574D171F5005960003090D /* Build configuration list for PBXNativeTarget "SDWaveAnimationView" */ = {
			isa = XCConfigurationList;
			buildConfigurations = (
				28574D181F5005960003090D /* Debug */,
				28574D191F5005960003090D /* Release */,
			);
			defaultConfigurationIsVisible = 0;
			defaultConfigurationName = Release;
		};
		28574D1A1F5005960003090D /* Build configuration list for PBXNativeTarget "SDWaveAnimationViewTests" */ = {
			isa = XCConfigurationList;
			buildConfigurations = (
				28574D1B1F5005960003090D /* Debug */,
				28574D1C1F5005960003090D /* Release */,
			);
			defaultConfigurationIsVisible = 0;
			defaultConfigurationName = Release;
		};
		28574D1D1F5005960003090D /* Build configuration list for PBXNativeTarget "SDWaveAnimationViewUITests" */ = {
			isa = XCConfigurationList;
			buildConfigurations = (
				28574D1E1F5005960003090D /* Debug */,
				28574D1F1F5005960003090D /* Release */,
			);
			defaultConfigurationIsVisible = 0;
			defaultConfigurationName = Release;
		};
/* End XCConfigurationList section */
	};
	rootObject = 28574CE21F5005950003090D /* Project object */;
}
